// !$*UTF8*$!
{
	archiveVersion = 1;
	classes = {
	};
	objectVersion = 50;
	objects = {

/* Begin PBXBuildFile section */
		7FCC376658FF4940E9CA2AF8 /* libPods-Catban.a in Frameworks */ = {isa = PBXBuildFile; fileRef = F6B37815200D1DD5239C3562 /* libPods-Catban.a */; };
		DA277988211D75AB0099CB12 /* libDomain.a in Frameworks */ = {isa = PBXBuildFile; fileRef = DAFB9783211D6DD20089F935 /* libDomain.a */; };
		DA4AEBA8211D700600901CD6 /* Library.swift in Sources */ = {isa = PBXBuildFile; fileRef = DA4AEB96211D700600901CD6 /* Library.swift */; };
		DA4AEBA9211D700600901CD6 /* LibraryStateDefault.swift in Sources */ = {isa = PBXBuildFile; fileRef = DA4AEB97211D700600901CD6 /* LibraryStateDefault.swift */; };
		DA4AEBAA211D700600901CD6 /* LibraryDelegate.swift in Sources */ = {isa = PBXBuildFile; fileRef = DA4AEB98211D700600901CD6 /* LibraryDelegate.swift */; };
		DA4AEBAB211D700600901CD6 /* LibraryStateProtocol.swift in Sources */ = {isa = PBXBuildFile; fileRef = DA4AEB99211D700600901CD6 /* LibraryStateProtocol.swift */; };
		DA4AEBAC211D700600901CD6 /* LibraryProtocol.swift in Sources */ = {isa = PBXBuildFile; fileRef = DA4AEB9A211D700600901CD6 /* LibraryProtocol.swift */; };
		DA4AEBAD211D700600901CD6 /* LibraryStateReady.swift in Sources */ = {isa = PBXBuildFile; fileRef = DA4AEB9B211D700600901CD6 /* LibraryStateReady.swift */; };
		DA4AEBAE211D700600901CD6 /* CacheService.swift in Sources */ = {isa = PBXBuildFile; fileRef = DA4AEB9D211D700600901CD6 /* CacheService.swift */; };
		DA4AEBAF211D700600901CD6 /* DomainError.swift in Sources */ = {isa = PBXBuildFile; fileRef = DA4AEB9E211D700600901CD6 /* DomainError.swift */; };
		DA4AEBB0211D700600901CD6 /* DatabaseService.swift in Sources */ = {isa = PBXBuildFile; fileRef = DA4AEB9F211D700600901CD6 /* DatabaseService.swift */; };
		DA4AEBB1211D700600901CD6 /* Factory.swift in Sources */ = {isa = PBXBuildFile; fileRef = DA4AEBA0211D700600901CD6 /* Factory.swift */; };
		DA4AEBB2211D700600901CD6 /* Configuration.swift in Sources */ = {isa = PBXBuildFile; fileRef = DA4AEBA1211D700600901CD6 /* Configuration.swift */; };
		DA4AEBB3211D700600901CD6 /* Board.swift in Sources */ = {isa = PBXBuildFile; fileRef = DA4AEBA3211D700600901CD6 /* Board.swift */; };
		DA4AEBB4211D700600901CD6 /* Session.swift in Sources */ = {isa = PBXBuildFile; fileRef = DA4AEBA4211D700600901CD6 /* Session.swift */; };
		DA4AEBB5211D700600901CD6 /* Card.swift in Sources */ = {isa = PBXBuildFile; fileRef = DA4AEBA5211D700600901CD6 /* Card.swift */; };
		DA4AEBB6211D700600901CD6 /* Column.swift in Sources */ = {isa = PBXBuildFile; fileRef = DA4AEBA6211D700600901CD6 /* Column.swift */; };
		DA4AEBB7211D700600901CD6 /* TextProtocol.swift in Sources */ = {isa = PBXBuildFile; fileRef = DA4AEBA7211D700600901CD6 /* TextProtocol.swift */; };
		DA4AEBBE211D703400901CD6 /* TestFactory.swift in Sources */ = {isa = PBXBuildFile; fileRef = DA4AEBB9211D703400901CD6 /* TestFactory.swift */; };
		DA4AEBBF211D703400901CD6 /* MockLibraryDelegate.swift in Sources */ = {isa = PBXBuildFile; fileRef = DA4AEBBA211D703400901CD6 /* MockLibraryDelegate.swift */; };
		DA4AEBC0211D703400901CD6 /* MockDatabase.swift in Sources */ = {isa = PBXBuildFile; fileRef = DA4AEBBB211D703400901CD6 /* MockDatabase.swift */; };
		DA4AEBC1211D703400901CD6 /* MockCache.swift in Sources */ = {isa = PBXBuildFile; fileRef = DA4AEBBC211D703400901CD6 /* MockCache.swift */; };
		DA4AEBC2211D703400901CD6 /* TestLibrary.swift in Sources */ = {isa = PBXBuildFile; fileRef = DA4AEBBD211D703400901CD6 /* TestLibrary.swift */; };
		DA4AEBCE211D709500901CD6 /* assets.xcassets in Resources */ = {isa = PBXBuildFile; fileRef = DA4AEBCB211D708B00901CD6 /* assets.xcassets */; };
		DA4AEBCF211D709500901CD6 /* brand.xcassets in Resources */ = {isa = PBXBuildFile; fileRef = DA4AEBCD211D708B00901CD6 /* brand.xcassets */; };
		DA4AEBD0211D709900901CD6 /* InfoPlist.strings in Resources */ = {isa = PBXBuildFile; fileRef = DA4AEBCC211D708B00901CD6 /* InfoPlist.strings */; };
		DA4AEBD1211D709C00901CD6 /* LaunchScreen.storyboard in Resources */ = {isa = PBXBuildFile; fileRef = DA4AEBCA211D708B00901CD6 /* LaunchScreen.storyboard */; };
		DA4AEBD2211D70B300901CD6 /* Localizable.strings in Resources */ = {isa = PBXBuildFile; fileRef = DA4AEBC6211D708B00901CD6 /* Localizable.strings */; };
		DA4AEC04211D70C300901CD6 /* DeleteStrategy.swift in Sources */ = {isa = PBXBuildFile; fileRef = DA4AEBD5211D70C300901CD6 /* DeleteStrategy.swift */; };
		DA4AEC05211D70C300901CD6 /* DeletePresenter.swift in Sources */ = {isa = PBXBuildFile; fileRef = DA4AEBD6211D70C300901CD6 /* DeletePresenter.swift */; };
		DA4AEC06211D70C300901CD6 /* DeleteBoard.swift in Sources */ = {isa = PBXBuildFile; fileRef = DA4AEBD7211D70C300901CD6 /* DeleteBoard.swift */; };
		DA4AEC07211D70C300901CD6 /* DeleteCard.swift in Sources */ = {isa = PBXBuildFile; fileRef = DA4AEBD8211D70C300901CD6 /* DeleteCard.swift */; };
		DA4AEC08211D70C300901CD6 /* DeleteView.swift in Sources */ = {isa = PBXBuildFile; fileRef = DA4AEBD9211D70C300901CD6 /* DeleteView.swift */; };
		DA4AEC09211D70C300901CD6 /* DeleteColumn.swift in Sources */ = {isa = PBXBuildFile; fileRef = DA4AEBDA211D70C300901CD6 /* DeleteColumn.swift */; };
		DA4AEC0A211D70C300901CD6 /* BoardView.swift in Sources */ = {isa = PBXBuildFile; fileRef = DA4AEBDC211D70C300901CD6 /* BoardView.swift */; };
		DA4AEC0B211D70C300901CD6 /* BoardDrawer.swift in Sources */ = {isa = PBXBuildFile; fileRef = DA4AEBDD211D70C300901CD6 /* BoardDrawer.swift */; };
		DA4AEC0C211D70C300901CD6 /* BoardItemView.swift in Sources */ = {isa = PBXBuildFile; fileRef = DA4AEBDE211D70C300901CD6 /* BoardItemView.swift */; };
		DA4AEC0D211D70C300901CD6 /* BoardPresenter.swift in Sources */ = {isa = PBXBuildFile; fileRef = DA4AEBDF211D70C300901CD6 /* BoardPresenter.swift */; };
		DA4AEC0E211D70C300901CD6 /* BoardViewModel.swift in Sources */ = {isa = PBXBuildFile; fileRef = DA4AEBE0211D70C300901CD6 /* BoardViewModel.swift */; };
		DA4AEC0F211D70C300901CD6 /* BoardInteractor.swift in Sources */ = {isa = PBXBuildFile; fileRef = DA4AEBE1211D70C300901CD6 /* BoardInteractor.swift */; };
		DA4AEC10211D70C300901CD6 /* BoardLayouter.swift in Sources */ = {isa = PBXBuildFile; fileRef = DA4AEBE2211D70C300901CD6 /* BoardLayouter.swift */; };
		DA4AEC11211D70C300901CD6 /* LibraryViewModel.swift in Sources */ = {isa = PBXBuildFile; fileRef = DA4AEBE4211D70C300901CD6 /* LibraryViewModel.swift */; };
		DA4AEC12211D70C300901CD6 /* LibraryView.swift in Sources */ = {isa = PBXBuildFile; fileRef = DA4AEBE5211D70C300901CD6 /* LibraryView.swift */; };
		DA4AEC13211D70C300901CD6 /* LibraryItemViewModel.swift in Sources */ = {isa = PBXBuildFile; fileRef = DA4AEBE6211D70C300901CD6 /* LibraryItemViewModel.swift */; };
		DA4AEC14211D70C300901CD6 /* LibraryCellView.swift in Sources */ = {isa = PBXBuildFile; fileRef = DA4AEBE7211D70C300901CD6 /* LibraryCellView.swift */; };
		DA4AEC15211D70C300901CD6 /* LibraryInteractor.swift in Sources */ = {isa = PBXBuildFile; fileRef = DA4AEBE8211D70C300901CD6 /* LibraryInteractor.swift */; };
		DA4AEC16211D70C300901CD6 /* LibraryPresenter.swift in Sources */ = {isa = PBXBuildFile; fileRef = DA4AEBE9211D70C300901CD6 /* LibraryPresenter.swift */; };
		DA4AEC17211D70C300901CD6 /* Injection.swift in Sources */ = {isa = PBXBuildFile; fileRef = DA4AEBEB211D70C300901CD6 /* Injection.swift */; };
		DA4AEC18211D70C300901CD6 /* Router.swift in Sources */ = {isa = PBXBuildFile; fileRef = DA4AEBEC211D70C300901CD6 /* Router.swift */; };
		DA4AEC19211D70C300901CD6 /* Qr.swift in Sources */ = {isa = PBXBuildFile; fileRef = DA4AEBED211D70C300901CD6 /* Qr.swift */; };
		DA4AEC1A211D70C300901CD6 /* Application.swift in Sources */ = {isa = PBXBuildFile; fileRef = DA4AEBEE211D70C300901CD6 /* Application.swift */; };
		DA4AEC1B211D70C300901CD6 /* Colors.swift in Sources */ = {isa = PBXBuildFile; fileRef = DA4AEBEF211D70C300901CD6 /* Colors.swift */; };
		DA4AEC1C211D70C300901CD6 /* LoadingView.swift in Sources */ = {isa = PBXBuildFile; fileRef = DA4AEBF0211D70C300901CD6 /* LoadingView.swift */; };
		DA4AEC1D211D70C300901CD6 /* ScanView.swift in Sources */ = {isa = PBXBuildFile; fileRef = DA4AEBF2211D70C300901CD6 /* ScanView.swift */; };
		DA4AEC1E211D70C300901CD6 /* ScanViewModel.swift in Sources */ = {isa = PBXBuildFile; fileRef = DA4AEBF3211D70C300901CD6 /* ScanViewModel.swift */; };
		DA4AEC1F211D70C300901CD6 /* ScanPresenter.swift in Sources */ = {isa = PBXBuildFile; fileRef = DA4AEBF4211D70C300901CD6 /* ScanPresenter.swift */; };
		DA4AEC20211D70C300901CD6 /* EditPresenter.swift in Sources */ = {isa = PBXBuildFile; fileRef = DA4AEBF6211D70C300901CD6 /* EditPresenter.swift */; };
		DA4AEC21211D70C300901CD6 /* TextCreateCard.swift in Sources */ = {isa = PBXBuildFile; fileRef = DA4AEBF7211D70C300901CD6 /* TextCreateCard.swift */; };
		DA4AEC22211D70C300901CD6 /* TextStrategy.swift in Sources */ = {isa = PBXBuildFile; fileRef = DA4AEBF8211D70C300901CD6 /* TextStrategy.swift */; };
		DA4AEC23211D70C300901CD6 /* TextCreateColumn.swift in Sources */ = {isa = PBXBuildFile; fileRef = DA4AEBF9211D70C300901CD6 /* TextCreateColumn.swift */; };
		DA4AEC24211D70C300901CD6 /* TextChange.swift in Sources */ = {isa = PBXBuildFile; fileRef = DA4AEBFA211D70C300901CD6 /* TextChange.swift */; };
		DA4AEC25211D70C300901CD6 /* EditView.swift in Sources */ = {isa = PBXBuildFile; fileRef = DA4AEBFB211D70C300901CD6 /* EditView.swift */; };
		DA4AEC26211D70C300901CD6 /* Services.swift in Sources */ = {isa = PBXBuildFile; fileRef = DA4AEBFD211D70C300901CD6 /* Services.swift */; };
		DA4AEC27211D70C300901CD6 /* Database.swift in Sources */ = {isa = PBXBuildFile; fileRef = DA4AEBFE211D70C300901CD6 /* Database.swift */; };
		DA4AEC28211D70C300901CD6 /* Cache.swift in Sources */ = {isa = PBXBuildFile; fileRef = DA4AEBFF211D70C300901CD6 /* Cache.swift */; };
		DA4AEC29211D70C300901CD6 /* SharePresenter.swift in Sources */ = {isa = PBXBuildFile; fileRef = DA4AEC01211D70C300901CD6 /* SharePresenter.swift */; };
		DA4AEC2A211D70C300901CD6 /* ShareView.swift in Sources */ = {isa = PBXBuildFile; fileRef = DA4AEC02211D70C300901CD6 /* ShareView.swift */; };
		DA4AEC2B211D70C300901CD6 /* ShareViewModel.swift in Sources */ = {isa = PBXBuildFile; fileRef = DA4AEC03211D70C300901CD6 /* ShareViewModel.swift */; };
		DA4AEC2D211D719200901CD6 /* Domain.strings in CopyFiles */ = {isa = PBXBuildFile; fileRef = DA4AEBC8211D708B00901CD6 /* Domain.strings */; };
		DAFB9793211D6E030089F935 /* libDomain.a in Frameworks */ = {isa = PBXBuildFile; fileRef = DAFB9783211D6DD20089F935 /* libDomain.a */; };
/* End PBXBuildFile section */

/* Begin PBXContainerItemProxy section */
		DAFB9794211D6E030089F935 /* PBXContainerItemProxy */ = {
			isa = PBXContainerItemProxy;
			containerPortal = DAFB9762211D6DB20089F935 /* Project object */;
			proxyType = 1;
			remoteGlobalIDString = DAFB9782211D6DD20089F935;
			remoteInfo = Domain;
		};
/* End PBXContainerItemProxy section */

/* Begin PBXCopyFilesBuildPhase section */
		DAFB9781211D6DD20089F935 /* CopyFiles */ = {
			isa = PBXCopyFilesBuildPhase;
			buildActionMask = 2147483647;
			dstPath = "include/$(PRODUCT_NAME)";
			dstSubfolderSpec = 16;
			files = (
				DA4AEC2D211D719200901CD6 /* Domain.strings in CopyFiles */,
			);
			runOnlyForDeploymentPostprocessing = 0;
		};
/* End PBXCopyFilesBuildPhase section */

/* Begin PBXFileReference section */
		BE15FF0D6D3A45A1675D63E5 /* Pods-Catban.release.xcconfig */ = {isa = PBXFileReference; includeInIndex = 1; lastKnownFileType = text.xcconfig; name = "Pods-Catban.release.xcconfig"; path = "Pods/Target Support Files/Pods-Catban/Pods-Catban.release.xcconfig"; sourceTree = "<group>"; };
		C18BC4FD5F22658D82C29A7E /* Pods-Catban.debug.xcconfig */ = {isa = PBXFileReference; includeInIndex = 1; lastKnownFileType = text.xcconfig; name = "Pods-Catban.debug.xcconfig"; path = "Pods/Target Support Files/Pods-Catban/Pods-Catban.debug.xcconfig"; sourceTree = "<group>"; };
		DA4AEB91211D6FFC00901CD6 /* tests.plist */ = {isa = PBXFileReference; lastKnownFileType = text.plist.xml; path = tests.plist; sourceTree = "<group>"; };
		DA4AEB92211D6FFC00901CD6 /* application.plist */ = {isa = PBXFileReference; lastKnownFileType = text.plist.xml; path = application.plist; sourceTree = "<group>"; };
		DA4AEB93211D6FFC00901CD6 /* GoogleService-Info.plist */ = {isa = PBXFileReference; lastKnownFileType = text.plist.xml; path = "GoogleService-Info.plist"; sourceTree = "<group>"; };
		DA4AEB96211D700600901CD6 /* Library.swift */ = {isa = PBXFileReference; fileEncoding = 4; lastKnownFileType = sourcecode.swift; path = Library.swift; sourceTree = "<group>"; };
		DA4AEB97211D700600901CD6 /* LibraryStateDefault.swift */ = {isa = PBXFileReference; fileEncoding = 4; lastKnownFileType = sourcecode.swift; path = LibraryStateDefault.swift; sourceTree = "<group>"; };
		DA4AEB98211D700600901CD6 /* LibraryDelegate.swift */ = {isa = PBXFileReference; fileEncoding = 4; lastKnownFileType = sourcecode.swift; path = LibraryDelegate.swift; sourceTree = "<group>"; };
		DA4AEB99211D700600901CD6 /* LibraryStateProtocol.swift */ = {isa = PBXFileReference; fileEncoding = 4; lastKnownFileType = sourcecode.swift; path = LibraryStateProtocol.swift; sourceTree = "<group>"; };
		DA4AEB9A211D700600901CD6 /* LibraryProtocol.swift */ = {isa = PBXFileReference; fileEncoding = 4; lastKnownFileType = sourcecode.swift; path = LibraryProtocol.swift; sourceTree = "<group>"; };
		DA4AEB9B211D700600901CD6 /* LibraryStateReady.swift */ = {isa = PBXFileReference; fileEncoding = 4; lastKnownFileType = sourcecode.swift; path = LibraryStateReady.swift; sourceTree = "<group>"; };
		DA4AEB9D211D700600901CD6 /* CacheService.swift */ = {isa = PBXFileReference; fileEncoding = 4; lastKnownFileType = sourcecode.swift; path = CacheService.swift; sourceTree = "<group>"; };
		DA4AEB9E211D700600901CD6 /* DomainError.swift */ = {isa = PBXFileReference; fileEncoding = 4; lastKnownFileType = sourcecode.swift; path = DomainError.swift; sourceTree = "<group>"; };
		DA4AEB9F211D700600901CD6 /* DatabaseService.swift */ = {isa = PBXFileReference; fileEncoding = 4; lastKnownFileType = sourcecode.swift; path = DatabaseService.swift; sourceTree = "<group>"; };
		DA4AEBA0211D700600901CD6 /* Factory.swift */ = {isa = PBXFileReference; fileEncoding = 4; lastKnownFileType = sourcecode.swift; path = Factory.swift; sourceTree = "<group>"; };
		DA4AEBA1211D700600901CD6 /* Configuration.swift */ = {isa = PBXFileReference; fileEncoding = 4; lastKnownFileType = sourcecode.swift; path = Configuration.swift; sourceTree = "<group>"; };
		DA4AEBA3211D700600901CD6 /* Board.swift */ = {isa = PBXFileReference; fileEncoding = 4; lastKnownFileType = sourcecode.swift; path = Board.swift; sourceTree = "<group>"; };
		DA4AEBA4211D700600901CD6 /* Session.swift */ = {isa = PBXFileReference; fileEncoding = 4; lastKnownFileType = sourcecode.swift; path = Session.swift; sourceTree = "<group>"; };
		DA4AEBA5211D700600901CD6 /* Card.swift */ = {isa = PBXFileReference; fileEncoding = 4; lastKnownFileType = sourcecode.swift; path = Card.swift; sourceTree = "<group>"; };
		DA4AEBA6211D700600901CD6 /* Column.swift */ = {isa = PBXFileReference; fileEncoding = 4; lastKnownFileType = sourcecode.swift; path = Column.swift; sourceTree = "<group>"; };
		DA4AEBA7211D700600901CD6 /* TextProtocol.swift */ = {isa = PBXFileReference; fileEncoding = 4; lastKnownFileType = sourcecode.swift; path = TextProtocol.swift; sourceTree = "<group>"; };
		DA4AEBB9211D703400901CD6 /* TestFactory.swift */ = {isa = PBXFileReference; fileEncoding = 4; lastKnownFileType = sourcecode.swift; path = TestFactory.swift; sourceTree = "<group>"; };
		DA4AEBBA211D703400901CD6 /* MockLibraryDelegate.swift */ = {isa = PBXFileReference; fileEncoding = 4; lastKnownFileType = sourcecode.swift; path = MockLibraryDelegate.swift; sourceTree = "<group>"; };
		DA4AEBBB211D703400901CD6 /* MockDatabase.swift */ = {isa = PBXFileReference; fileEncoding = 4; lastKnownFileType = sourcecode.swift; path = MockDatabase.swift; sourceTree = "<group>"; };
		DA4AEBBC211D703400901CD6 /* MockCache.swift */ = {isa = PBXFileReference; fileEncoding = 4; lastKnownFileType = sourcecode.swift; path = MockCache.swift; sourceTree = "<group>"; };
		DA4AEBBD211D703400901CD6 /* TestLibrary.swift */ = {isa = PBXFileReference; fileEncoding = 4; lastKnownFileType = sourcecode.swift; path = TestLibrary.swift; sourceTree = "<group>"; };
		DA4AEBC4211D707200901CD6 /* Design */ = {isa = PBXFileReference; lastKnownFileType = folder; path = Design; sourceTree = "<group>"; };
		DA4AEBC7211D708B00901CD6 /* en */ = {isa = PBXFileReference; lastKnownFileType = text.plist.strings; name = en; path = en.lproj/Localizable.strings; sourceTree = "<group>"; };
		DA4AEBC9211D708B00901CD6 /* en */ = {isa = PBXFileReference; lastKnownFileType = text.plist.strings; name = en; path = en.lproj/Domain.strings; sourceTree = "<group>"; };
		DA4AEBCA211D708B00901CD6 /* LaunchScreen.storyboard */ = {isa = PBXFileReference; lastKnownFileType = file.storyboard; path = LaunchScreen.storyboard; sourceTree = "<group>"; };
		DA4AEBCB211D708B00901CD6 /* assets.xcassets */ = {isa = PBXFileReference; lastKnownFileType = folder.assetcatalog; path = assets.xcassets; sourceTree = "<group>"; };
		DA4AEBCC211D708B00901CD6 /* InfoPlist.strings */ = {isa = PBXFileReference; lastKnownFileType = text.plist.strings; path = InfoPlist.strings; sourceTree = "<group>"; };
		DA4AEBCD211D708B00901CD6 /* brand.xcassets */ = {isa = PBXFileReference; lastKnownFileType = folder.assetcatalog; path = brand.xcassets; sourceTree = "<group>"; };
		DA4AEBD5211D70C300901CD6 /* DeleteStrategy.swift */ = {isa = PBXFileReference; fileEncoding = 4; lastKnownFileType = sourcecode.swift; path = DeleteStrategy.swift; sourceTree = "<group>"; };
		DA4AEBD6211D70C300901CD6 /* DeletePresenter.swift */ = {isa = PBXFileReference; fileEncoding = 4; lastKnownFileType = sourcecode.swift; path = DeletePresenter.swift; sourceTree = "<group>"; };
		DA4AEBD7211D70C300901CD6 /* DeleteBoard.swift */ = {isa = PBXFileReference; fileEncoding = 4; lastKnownFileType = sourcecode.swift; path = DeleteBoard.swift; sourceTree = "<group>"; };
		DA4AEBD8211D70C300901CD6 /* DeleteCard.swift */ = {isa = PBXFileReference; fileEncoding = 4; lastKnownFileType = sourcecode.swift; path = DeleteCard.swift; sourceTree = "<group>"; };
		DA4AEBD9211D70C300901CD6 /* DeleteView.swift */ = {isa = PBXFileReference; fileEncoding = 4; lastKnownFileType = sourcecode.swift; path = DeleteView.swift; sourceTree = "<group>"; };
		DA4AEBDA211D70C300901CD6 /* DeleteColumn.swift */ = {isa = PBXFileReference; fileEncoding = 4; lastKnownFileType = sourcecode.swift; path = DeleteColumn.swift; sourceTree = "<group>"; };
		DA4AEBDC211D70C300901CD6 /* BoardView.swift */ = {isa = PBXFileReference; fileEncoding = 4; lastKnownFileType = sourcecode.swift; path = BoardView.swift; sourceTree = "<group>"; };
		DA4AEBDD211D70C300901CD6 /* BoardDrawer.swift */ = {isa = PBXFileReference; fileEncoding = 4; lastKnownFileType = sourcecode.swift; path = BoardDrawer.swift; sourceTree = "<group>"; };
		DA4AEBDE211D70C300901CD6 /* BoardItemView.swift */ = {isa = PBXFileReference; fileEncoding = 4; lastKnownFileType = sourcecode.swift; path = BoardItemView.swift; sourceTree = "<group>"; };
		DA4AEBDF211D70C300901CD6 /* BoardPresenter.swift */ = {isa = PBXFileReference; fileEncoding = 4; lastKnownFileType = sourcecode.swift; path = BoardPresenter.swift; sourceTree = "<group>"; };
		DA4AEBE0211D70C300901CD6 /* BoardViewModel.swift */ = {isa = PBXFileReference; fileEncoding = 4; lastKnownFileType = sourcecode.swift; path = BoardViewModel.swift; sourceTree = "<group>"; };
		DA4AEBE1211D70C300901CD6 /* BoardInteractor.swift */ = {isa = PBXFileReference; fileEncoding = 4; lastKnownFileType = sourcecode.swift; path = BoardInteractor.swift; sourceTree = "<group>"; };
		DA4AEBE2211D70C300901CD6 /* BoardLayouter.swift */ = {isa = PBXFileReference; fileEncoding = 4; lastKnownFileType = sourcecode.swift; path = BoardLayouter.swift; sourceTree = "<group>"; };
		DA4AEBE4211D70C300901CD6 /* LibraryViewModel.swift */ = {isa = PBXFileReference; fileEncoding = 4; lastKnownFileType = sourcecode.swift; path = LibraryViewModel.swift; sourceTree = "<group>"; };
		DA4AEBE5211D70C300901CD6 /* LibraryView.swift */ = {isa = PBXFileReference; fileEncoding = 4; lastKnownFileType = sourcecode.swift; path = LibraryView.swift; sourceTree = "<group>"; };
		DA4AEBE6211D70C300901CD6 /* LibraryItemViewModel.swift */ = {isa = PBXFileReference; fileEncoding = 4; lastKnownFileType = sourcecode.swift; path = LibraryItemViewModel.swift; sourceTree = "<group>"; };
		DA4AEBE7211D70C300901CD6 /* LibraryCellView.swift */ = {isa = PBXFileReference; fileEncoding = 4; lastKnownFileType = sourcecode.swift; path = LibraryCellView.swift; sourceTree = "<group>"; };
		DA4AEBE8211D70C300901CD6 /* LibraryInteractor.swift */ = {isa = PBXFileReference; fileEncoding = 4; lastKnownFileType = sourcecode.swift; path = LibraryInteractor.swift; sourceTree = "<group>"; };
		DA4AEBE9211D70C300901CD6 /* LibraryPresenter.swift */ = {isa = PBXFileReference; fileEncoding = 4; lastKnownFileType = sourcecode.swift; path = LibraryPresenter.swift; sourceTree = "<group>"; };
		DA4AEBEB211D70C300901CD6 /* Injection.swift */ = {isa = PBXFileReference; fileEncoding = 4; lastKnownFileType = sourcecode.swift; path = Injection.swift; sourceTree = "<group>"; };
		DA4AEBEC211D70C300901CD6 /* Router.swift */ = {isa = PBXFileReference; fileEncoding = 4; lastKnownFileType = sourcecode.swift; path = Router.swift; sourceTree = "<group>"; };
		DA4AEBED211D70C300901CD6 /* Qr.swift */ = {isa = PBXFileReference; fileEncoding = 4; lastKnownFileType = sourcecode.swift; path = Qr.swift; sourceTree = "<group>"; };
		DA4AEBEE211D70C300901CD6 /* Application.swift */ = {isa = PBXFileReference; fileEncoding = 4; lastKnownFileType = sourcecode.swift; path = Application.swift; sourceTree = "<group>"; };
		DA4AEBEF211D70C300901CD6 /* Colors.swift */ = {isa = PBXFileReference; fileEncoding = 4; lastKnownFileType = sourcecode.swift; path = Colors.swift; sourceTree = "<group>"; };
		DA4AEBF0211D70C300901CD6 /* LoadingView.swift */ = {isa = PBXFileReference; fileEncoding = 4; lastKnownFileType = sourcecode.swift; path = LoadingView.swift; sourceTree = "<group>"; };
		DA4AEBF2211D70C300901CD6 /* ScanView.swift */ = {isa = PBXFileReference; fileEncoding = 4; lastKnownFileType = sourcecode.swift; path = ScanView.swift; sourceTree = "<group>"; };
		DA4AEBF3211D70C300901CD6 /* ScanViewModel.swift */ = {isa = PBXFileReference; fileEncoding = 4; lastKnownFileType = sourcecode.swift; path = ScanViewModel.swift; sourceTree = "<group>"; };
		DA4AEBF4211D70C300901CD6 /* ScanPresenter.swift */ = {isa = PBXFileReference; fileEncoding = 4; lastKnownFileType = sourcecode.swift; path = ScanPresenter.swift; sourceTree = "<group>"; };
		DA4AEBF6211D70C300901CD6 /* EditPresenter.swift */ = {isa = PBXFileReference; fileEncoding = 4; lastKnownFileType = sourcecode.swift; path = EditPresenter.swift; sourceTree = "<group>"; };
		DA4AEBF7211D70C300901CD6 /* TextCreateCard.swift */ = {isa = PBXFileReference; fileEncoding = 4; lastKnownFileType = sourcecode.swift; path = TextCreateCard.swift; sourceTree = "<group>"; };
		DA4AEBF8211D70C300901CD6 /* TextStrategy.swift */ = {isa = PBXFileReference; fileEncoding = 4; lastKnownFileType = sourcecode.swift; path = TextStrategy.swift; sourceTree = "<group>"; };
		DA4AEBF9211D70C300901CD6 /* TextCreateColumn.swift */ = {isa = PBXFileReference; fileEncoding = 4; lastKnownFileType = sourcecode.swift; path = TextCreateColumn.swift; sourceTree = "<group>"; };
		DA4AEBFA211D70C300901CD6 /* TextChange.swift */ = {isa = PBXFileReference; fileEncoding = 4; lastKnownFileType = sourcecode.swift; path = TextChange.swift; sourceTree = "<group>"; };
		DA4AEBFB211D70C300901CD6 /* EditView.swift */ = {isa = PBXFileReference; fileEncoding = 4; lastKnownFileType = sourcecode.swift; path = EditView.swift; sourceTree = "<group>"; };
		DA4AEBFD211D70C300901CD6 /* Services.swift */ = {isa = PBXFileReference; fileEncoding = 4; lastKnownFileType = sourcecode.swift; path = Services.swift; sourceTree = "<group>"; };
		DA4AEBFE211D70C300901CD6 /* Database.swift */ = {isa = PBXFileReference; fileEncoding = 4; lastKnownFileType = sourcecode.swift; path = Database.swift; sourceTree = "<group>"; };
		DA4AEBFF211D70C300901CD6 /* Cache.swift */ = {isa = PBXFileReference; fileEncoding = 4; lastKnownFileType = sourcecode.swift; path = Cache.swift; sourceTree = "<group>"; };
		DA4AEC01211D70C300901CD6 /* SharePresenter.swift */ = {isa = PBXFileReference; fileEncoding = 4; lastKnownFileType = sourcecode.swift; path = SharePresenter.swift; sourceTree = "<group>"; };
		DA4AEC02211D70C300901CD6 /* ShareView.swift */ = {isa = PBXFileReference; fileEncoding = 4; lastKnownFileType = sourcecode.swift; path = ShareView.swift; sourceTree = "<group>"; };
		DA4AEC03211D70C300901CD6 /* ShareViewModel.swift */ = {isa = PBXFileReference; fileEncoding = 4; lastKnownFileType = sourcecode.swift; path = ShareViewModel.swift; sourceTree = "<group>"; };
		DAFB976A211D6DB20089F935 /* Catban.app */ = {isa = PBXFileReference; explicitFileType = wrapper.application; includeInIndex = 0; path = Catban.app; sourceTree = BUILT_PRODUCTS_DIR; };
		DAFB9783211D6DD20089F935 /* libDomain.a */ = {isa = PBXFileReference; explicitFileType = archive.ar; includeInIndex = 0; path = libDomain.a; sourceTree = BUILT_PRODUCTS_DIR; };
		DAFB978E211D6E030089F935 /* Tests.xctest */ = {isa = PBXFileReference; explicitFileType = wrapper.cfbundle; includeInIndex = 0; path = Tests.xctest; sourceTree = BUILT_PRODUCTS_DIR; };
		F6B37815200D1DD5239C3562 /* libPods-Catban.a */ = {isa = PBXFileReference; explicitFileType = archive.ar; includeInIndex = 0; path = "libPods-Catban.a"; sourceTree = BUILT_PRODUCTS_DIR; };
/* End PBXFileReference section */

/* Begin PBXFrameworksBuildPhase section */
		DAFB9767211D6DB20089F935 /* Frameworks */ = {
			isa = PBXFrameworksBuildPhase;
			buildActionMask = 2147483647;
			files = (
				DA277988211D75AB0099CB12 /* libDomain.a in Frameworks */,
				7FCC376658FF4940E9CA2AF8 /* libPods-Catban.a in Frameworks */,
			);
			runOnlyForDeploymentPostprocessing = 0;
		};
		DAFB9780211D6DD20089F935 /* Frameworks */ = {
			isa = PBXFrameworksBuildPhase;
			buildActionMask = 2147483647;
			files = (
			);
			runOnlyForDeploymentPostprocessing = 0;
		};
		DAFB978B211D6E030089F935 /* Frameworks */ = {
			isa = PBXFrameworksBuildPhase;
			buildActionMask = 2147483647;
			files = (
				DAFB9793211D6E030089F935 /* libDomain.a in Frameworks */,
			);
			runOnlyForDeploymentPostprocessing = 0;
		};
/* End PBXFrameworksBuildPhase section */

/* Begin PBXGroup section */
		33F156854C0DC7BEFA7FD92E /* Frameworks */ = {
			isa = PBXGroup;
			children = (
				F6B37815200D1DD5239C3562 /* libPods-Catban.a */,
			);
			name = Frameworks;
			sourceTree = "<group>";
		};
		36DEE4781E334A131D38CA4B /* Pods */ = {
			isa = PBXGroup;
			children = (
				C18BC4FD5F22658D82C29A7E /* Pods-Catban.debug.xcconfig */,
				BE15FF0D6D3A45A1675D63E5 /* Pods-Catban.release.xcconfig */,
			);
			name = Pods;
			sourceTree = "<group>";
		};
		DA4AEB90211D6FFC00901CD6 /* Configuration */ = {
			isa = PBXGroup;
			children = (
				DA4AEB91211D6FFC00901CD6 /* tests.plist */,
				DA4AEB92211D6FFC00901CD6 /* application.plist */,
				DA4AEB93211D6FFC00901CD6 /* GoogleService-Info.plist */,
			);
			path = Configuration;
			sourceTree = "<group>";
		};
		DA4AEB94211D700600901CD6 /* Domain */ = {
			isa = PBXGroup;
			children = (
				DA4AEB95211D700600901CD6 /* Library */,
				DA4AEB9C211D700600901CD6 /* Shared */,
				DA4AEBA2211D700600901CD6 /* Entities */,
			);
			path = Domain;
			sourceTree = "<group>";
		};
		DA4AEB95211D700600901CD6 /* Library */ = {
			isa = PBXGroup;
			children = (
				DA4AEB96211D700600901CD6 /* Library.swift */,
				DA4AEB97211D700600901CD6 /* LibraryStateDefault.swift */,
				DA4AEB98211D700600901CD6 /* LibraryDelegate.swift */,
				DA4AEB99211D700600901CD6 /* LibraryStateProtocol.swift */,
				DA4AEB9A211D700600901CD6 /* LibraryProtocol.swift */,
				DA4AEB9B211D700600901CD6 /* LibraryStateReady.swift */,
			);
			path = Library;
			sourceTree = "<group>";
		};
		DA4AEB9C211D700600901CD6 /* Shared */ = {
			isa = PBXGroup;
			children = (
				DA4AEB9D211D700600901CD6 /* CacheService.swift */,
				DA4AEB9E211D700600901CD6 /* DomainError.swift */,
				DA4AEB9F211D700600901CD6 /* DatabaseService.swift */,
				DA4AEBA0211D700600901CD6 /* Factory.swift */,
				DA4AEBA1211D700600901CD6 /* Configuration.swift */,
			);
			path = Shared;
			sourceTree = "<group>";
		};
		DA4AEBA2211D700600901CD6 /* Entities */ = {
			isa = PBXGroup;
			children = (
				DA4AEBA3211D700600901CD6 /* Board.swift */,
				DA4AEBA4211D700600901CD6 /* Session.swift */,
				DA4AEBA5211D700600901CD6 /* Card.swift */,
				DA4AEBA6211D700600901CD6 /* Column.swift */,
				DA4AEBA7211D700600901CD6 /* TextProtocol.swift */,
			);
			path = Entities;
			sourceTree = "<group>";
		};
		DA4AEBB8211D703400901CD6 /* Tests */ = {
			isa = PBXGroup;
			children = (
				DA4AEBB9211D703400901CD6 /* TestFactory.swift */,
				DA4AEBBA211D703400901CD6 /* MockLibraryDelegate.swift */,
				DA4AEBBB211D703400901CD6 /* MockDatabase.swift */,
				DA4AEBBC211D703400901CD6 /* MockCache.swift */,
				DA4AEBBD211D703400901CD6 /* TestLibrary.swift */,
			);
			path = Tests;
			sourceTree = "<group>";
		};
		DA4AEBC5211D708B00901CD6 /* Resources */ = {
			isa = PBXGroup;
			children = (
				DA4AEBC6211D708B00901CD6 /* Localizable.strings */,
				DA4AEBC8211D708B00901CD6 /* Domain.strings */,
				DA4AEBCA211D708B00901CD6 /* LaunchScreen.storyboard */,
				DA4AEBCC211D708B00901CD6 /* InfoPlist.strings */,
				DA4AEBCB211D708B00901CD6 /* assets.xcassets */,
				DA4AEBCD211D708B00901CD6 /* brand.xcassets */,
			);
			path = Resources;
			sourceTree = "<group>";
		};
		DA4AEBD3211D70C300901CD6 /* Application */ = {
			isa = PBXGroup;
			children = (
				DA4AEBD4211D70C300901CD6 /* Delete */,
				DA4AEBDB211D70C300901CD6 /* Board */,
				DA4AEBE3211D70C300901CD6 /* Library */,
				DA4AEBEA211D70C300901CD6 /* Shared */,
				DA4AEBF1211D70C300901CD6 /* Scan */,
				DA4AEBF5211D70C300901CD6 /* Edit */,
				DA4AEBFC211D70C300901CD6 /* Services */,
				DA4AEC00211D70C300901CD6 /* Share */,
			);
			path = Application;
			sourceTree = "<group>";
		};
		DA4AEBD4211D70C300901CD6 /* Delete */ = {
			isa = PBXGroup;
			children = (
				DA4AEBD5211D70C300901CD6 /* DeleteStrategy.swift */,
				DA4AEBD6211D70C300901CD6 /* DeletePresenter.swift */,
				DA4AEBD7211D70C300901CD6 /* DeleteBoard.swift */,
				DA4AEBD8211D70C300901CD6 /* DeleteCard.swift */,
				DA4AEBD9211D70C300901CD6 /* DeleteView.swift */,
				DA4AEBDA211D70C300901CD6 /* DeleteColumn.swift */,
			);
			path = Delete;
			sourceTree = "<group>";
		};
		DA4AEBDB211D70C300901CD6 /* Board */ = {
			isa = PBXGroup;
			children = (
				DA4AEBDC211D70C300901CD6 /* BoardView.swift */,
				DA4AEBDD211D70C300901CD6 /* BoardDrawer.swift */,
				DA4AEBDE211D70C300901CD6 /* BoardItemView.swift */,
				DA4AEBDF211D70C300901CD6 /* BoardPresenter.swift */,
				DA4AEBE0211D70C300901CD6 /* BoardViewModel.swift */,
				DA4AEBE1211D70C300901CD6 /* BoardInteractor.swift */,
				DA4AEBE2211D70C300901CD6 /* BoardLayouter.swift */,
			);
			path = Board;
			sourceTree = "<group>";
		};
		DA4AEBE3211D70C300901CD6 /* Library */ = {
			isa = PBXGroup;
			children = (
				DA4AEBE4211D70C300901CD6 /* LibraryViewModel.swift */,
				DA4AEBE5211D70C300901CD6 /* LibraryView.swift */,
				DA4AEBE6211D70C300901CD6 /* LibraryItemViewModel.swift */,
				DA4AEBE7211D70C300901CD6 /* LibraryCellView.swift */,
				DA4AEBE8211D70C300901CD6 /* LibraryInteractor.swift */,
				DA4AEBE9211D70C300901CD6 /* LibraryPresenter.swift */,
			);
			path = Library;
			sourceTree = "<group>";
		};
		DA4AEBEA211D70C300901CD6 /* Shared */ = {
			isa = PBXGroup;
			children = (
				DA4AEBEB211D70C300901CD6 /* Injection.swift */,
				DA4AEBEC211D70C300901CD6 /* Router.swift */,
				DA4AEBED211D70C300901CD6 /* Qr.swift */,
				DA4AEBEE211D70C300901CD6 /* Application.swift */,
				DA4AEBEF211D70C300901CD6 /* Colors.swift */,
				DA4AEBF0211D70C300901CD6 /* LoadingView.swift */,
			);
			path = Shared;
			sourceTree = "<group>";
		};
		DA4AEBF1211D70C300901CD6 /* Scan */ = {
			isa = PBXGroup;
			children = (
				DA4AEBF2211D70C300901CD6 /* ScanView.swift */,
				DA4AEBF3211D70C300901CD6 /* ScanViewModel.swift */,
				DA4AEBF4211D70C300901CD6 /* ScanPresenter.swift */,
			);
			path = Scan;
			sourceTree = "<group>";
		};
		DA4AEBF5211D70C300901CD6 /* Edit */ = {
			isa = PBXGroup;
			children = (
				DA4AEBF6211D70C300901CD6 /* EditPresenter.swift */,
				DA4AEBF7211D70C300901CD6 /* TextCreateCard.swift */,
				DA4AEBF8211D70C300901CD6 /* TextStrategy.swift */,
				DA4AEBF9211D70C300901CD6 /* TextCreateColumn.swift */,
				DA4AEBFA211D70C300901CD6 /* TextChange.swift */,
				DA4AEBFB211D70C300901CD6 /* EditView.swift */,
			);
			path = Edit;
			sourceTree = "<group>";
		};
		DA4AEBFC211D70C300901CD6 /* Services */ = {
			isa = PBXGroup;
			children = (
				DA4AEBFD211D70C300901CD6 /* Services.swift */,
				DA4AEBFE211D70C300901CD6 /* Database.swift */,
				DA4AEBFF211D70C300901CD6 /* Cache.swift */,
			);
			path = Services;
			sourceTree = "<group>";
		};
		DA4AEC00211D70C300901CD6 /* Share */ = {
			isa = PBXGroup;
			children = (
				DA4AEC01211D70C300901CD6 /* SharePresenter.swift */,
				DA4AEC02211D70C300901CD6 /* ShareView.swift */,
				DA4AEC03211D70C300901CD6 /* ShareViewModel.swift */,
			);
			path = Share;
			sourceTree = "<group>";
		};
		DAFB9761211D6DB20089F935 = {
			isa = PBXGroup;
			children = (
				DA4AEBD3211D70C300901CD6 /* Application */,
				DA4AEB94211D700600901CD6 /* Domain */,
				DA4AEBB8211D703400901CD6 /* Tests */,
				DA4AEBC5211D708B00901CD6 /* Resources */,
				DA4AEB90211D6FFC00901CD6 /* Configuration */,
				DAFB976B211D6DB20089F935 /* Products */,
				36DEE4781E334A131D38CA4B /* Pods */,
				33F156854C0DC7BEFA7FD92E /* Frameworks */,
				DA4AEBC4211D707200901CD6 /* Design */,
			);
			sourceTree = "<group>";
		};
		DAFB976B211D6DB20089F935 /* Products */ = {
			isa = PBXGroup;
			children = (
				DAFB976A211D6DB20089F935 /* Catban.app */,
				DAFB9783211D6DD20089F935 /* libDomain.a */,
				DAFB978E211D6E030089F935 /* Tests.xctest */,
			);
			name = Products;
			sourceTree = "<group>";
		};
/* End PBXGroup section */

/* Begin PBXNativeTarget section */
		DAFB9769211D6DB20089F935 /* Catban */ = {
			isa = PBXNativeTarget;
			buildConfigurationList = DAFB977C211D6DB30089F935 /* Build configuration list for PBXNativeTarget "Catban" */;
			buildPhases = (
				F096362A2B1A9BDB13E6BB19 /* [CP] Check Pods Manifest.lock */,
				DAFB9766211D6DB20089F935 /* Sources */,
				DAFB9767211D6DB20089F935 /* Frameworks */,
				DAFB9768211D6DB20089F935 /* Resources */,
				E3C2985A9F681012C52DEDA5 /* [CP] Copy Pods Resources */,
			);
			buildRules = (
			);
			dependencies = (
			);
			name = Catban;
			productName = Catban;
			productReference = DAFB976A211D6DB20089F935 /* Catban.app */;
			productType = "com.apple.product-type.application";
		};
		DAFB9782211D6DD20089F935 /* Domain */ = {
			isa = PBXNativeTarget;
			buildConfigurationList = DAFB9787211D6DD20089F935 /* Build configuration list for PBXNativeTarget "Domain" */;
			buildPhases = (
				DAFB977F211D6DD20089F935 /* Sources */,
				DAFB9780211D6DD20089F935 /* Frameworks */,
				DAFB9781211D6DD20089F935 /* CopyFiles */,
			);
			buildRules = (
			);
			dependencies = (
			);
			name = Domain;
			productName = Domain;
			productReference = DAFB9783211D6DD20089F935 /* libDomain.a */;
			productType = "com.apple.product-type.library.static";
		};
		DAFB978D211D6E030089F935 /* Tests */ = {
			isa = PBXNativeTarget;
			buildConfigurationList = DAFB9796211D6E030089F935 /* Build configuration list for PBXNativeTarget "Tests" */;
			buildPhases = (
				DAFB978A211D6E030089F935 /* Sources */,
				DAFB978B211D6E030089F935 /* Frameworks */,
				DAFB978C211D6E030089F935 /* Resources */,
			);
			buildRules = (
			);
			dependencies = (
				DAFB9795211D6E030089F935 /* PBXTargetDependency */,
			);
			name = Tests;
			productName = Tests;
			productReference = DAFB978E211D6E030089F935 /* Tests.xctest */;
			productType = "com.apple.product-type.bundle.unit-test";
		};
/* End PBXNativeTarget section */

/* Begin PBXProject section */
		DAFB9762211D6DB20089F935 /* Project object */ = {
			isa = PBXProject;
			attributes = {
				LastSwiftUpdateCheck = 1000;
				LastUpgradeCheck = 1000;
				ORGANIZATIONNAME = iturbide;
				TargetAttributes = {
					DAFB9769211D6DB20089F935 = {
						CreatedOnToolsVersion = 10.0;
					};
					DAFB9782211D6DD20089F935 = {
						CreatedOnToolsVersion = 10.0;
					};
					DAFB978D211D6E030089F935 = {
						CreatedOnToolsVersion = 10.0;
					};
				};
			};
			buildConfigurationList = DAFB9765211D6DB20089F935 /* Build configuration list for PBXProject "Catban" */;
			compatibilityVersion = "Xcode 9.3";
			developmentRegion = en;
			hasScannedForEncodings = 0;
			knownRegions = (
				en,
				Base,
			);
			mainGroup = DAFB9761211D6DB20089F935;
			productRefGroup = DAFB976B211D6DB20089F935 /* Products */;
			projectDirPath = "";
			projectRoot = "";
			targets = (
				DAFB9769211D6DB20089F935 /* Catban */,
				DAFB9782211D6DD20089F935 /* Domain */,
				DAFB978D211D6E030089F935 /* Tests */,
			);
		};
/* End PBXProject section */

/* Begin PBXResourcesBuildPhase section */
		DAFB9768211D6DB20089F935 /* Resources */ = {
			isa = PBXResourcesBuildPhase;
			buildActionMask = 2147483647;
			files = (
				DA4AEBD2211D70B300901CD6 /* Localizable.strings in Resources */,
				DA4AEBCE211D709500901CD6 /* assets.xcassets in Resources */,
				DA4AEBD1211D709C00901CD6 /* LaunchScreen.storyboard in Resources */,
				DA4AEBD0211D709900901CD6 /* InfoPlist.strings in Resources */,
				DA4AEBCF211D709500901CD6 /* brand.xcassets in Resources */,
			);
			runOnlyForDeploymentPostprocessing = 0;
		};
		DAFB978C211D6E030089F935 /* Resources */ = {
			isa = PBXResourcesBuildPhase;
			buildActionMask = 2147483647;
			files = (
			);
			runOnlyForDeploymentPostprocessing = 0;
		};
/* End PBXResourcesBuildPhase section */

/* Begin PBXShellScriptBuildPhase section */
		E3C2985A9F681012C52DEDA5 /* [CP] Copy Pods Resources */ = {
			isa = PBXShellScriptBuildPhase;
			buildActionMask = 2147483647;
			files = (
			);
			inputPaths = (
				"${SRCROOT}/Pods/Target Support Files/Pods-Catban/Pods-Catban-resources.sh",
				"${PODS_CONFIGURATION_BUILD_DIR}/gRPC/gRPCCertificates.bundle",
			);
			name = "[CP] Copy Pods Resources";
			outputPaths = (
				"${TARGET_BUILD_DIR}/${UNLOCALIZED_RESOURCES_FOLDER_PATH}/gRPCCertificates.bundle",
			);
			runOnlyForDeploymentPostprocessing = 0;
			shellPath = /bin/sh;
			shellScript = "\"${SRCROOT}/Pods/Target Support Files/Pods-Catban/Pods-Catban-resources.sh\"\n";
			showEnvVarsInLog = 0;
		};
		F096362A2B1A9BDB13E6BB19 /* [CP] Check Pods Manifest.lock */ = {
			isa = PBXShellScriptBuildPhase;
			buildActionMask = 2147483647;
			files = (
			);
			inputPaths = (
				"${PODS_PODFILE_DIR_PATH}/Podfile.lock",
				"${PODS_ROOT}/Manifest.lock",
			);
			name = "[CP] Check Pods Manifest.lock";
			outputPaths = (
				"$(DERIVED_FILE_DIR)/Pods-Catban-checkManifestLockResult.txt",
			);
			runOnlyForDeploymentPostprocessing = 0;
			shellPath = /bin/sh;
			shellScript = "diff \"${PODS_PODFILE_DIR_PATH}/Podfile.lock\" \"${PODS_ROOT}/Manifest.lock\" > /dev/null\nif [ $? != 0 ] ; then\n    # print error to STDERR\n    echo \"error: The sandbox is not in sync with the Podfile.lock. Run 'pod install' or update your CocoaPods installation.\" >&2\n    exit 1\nfi\n# This output is used by Xcode 'outputs' to avoid re-running this script phase.\necho \"SUCCESS\" > \"${SCRIPT_OUTPUT_FILE_0}\"\n";
			showEnvVarsInLog = 0;
		};
/* End PBXShellScriptBuildPhase section */

/* Begin PBXSourcesBuildPhase section */
		DAFB9766211D6DB20089F935 /* Sources */ = {
			isa = PBXSourcesBuildPhase;
			buildActionMask = 2147483647;
			files = (
				DA4AEC15211D70C300901CD6 /* LibraryInteractor.swift in Sources */,
				DA4AEC1B211D70C300901CD6 /* Colors.swift in Sources */,
				DA4AEC11211D70C300901CD6 /* LibraryViewModel.swift in Sources */,
				DA4AEC1F211D70C300901CD6 /* ScanPresenter.swift in Sources */,
				DA4AEC10211D70C300901CD6 /* BoardLayouter.swift in Sources */,
				DA4AEC28211D70C300901CD6 /* Cache.swift in Sources */,
				DA4AEC1E211D70C300901CD6 /* ScanViewModel.swift in Sources */,
				DA4AEC27211D70C300901CD6 /* Database.swift in Sources */,
				DA4AEC0A211D70C300901CD6 /* BoardView.swift in Sources */,
				DA4AEC2A211D70C300901CD6 /* ShareView.swift in Sources */,
				DA4AEC0D211D70C300901CD6 /* BoardPresenter.swift in Sources */,
				DA4AEC17211D70C300901CD6 /* Injection.swift in Sources */,
				DA4AEC0B211D70C300901CD6 /* BoardDrawer.swift in Sources */,
				DA4AEC26211D70C300901CD6 /* Services.swift in Sources */,
				DA4AEC13211D70C300901CD6 /* LibraryItemViewModel.swift in Sources */,
				DA4AEC29211D70C300901CD6 /* SharePresenter.swift in Sources */,
				DA4AEC22211D70C300901CD6 /* TextStrategy.swift in Sources */,
				DA4AEC0F211D70C300901CD6 /* BoardInteractor.swift in Sources */,
				DA4AEC14211D70C300901CD6 /* LibraryCellView.swift in Sources */,
				DA4AEC18211D70C300901CD6 /* Router.swift in Sources */,
				DA4AEC07211D70C300901CD6 /* DeleteCard.swift in Sources */,
				DA4AEC04211D70C300901CD6 /* DeleteStrategy.swift in Sources */,
				DA4AEC21211D70C300901CD6 /* TextCreateCard.swift in Sources */,
				DA4AEC25211D70C300901CD6 /* EditView.swift in Sources */,
				DA4AEC1A211D70C300901CD6 /* Application.swift in Sources */,
				DA4AEC0C211D70C300901CD6 /* BoardItemView.swift in Sources */,
				DA4AEC19211D70C300901CD6 /* Qr.swift in Sources */,
				DA4AEC08211D70C300901CD6 /* DeleteView.swift in Sources */,
				DA4AEC1C211D70C300901CD6 /* LoadingView.swift in Sources */,
				DA4AEC1D211D70C300901CD6 /* ScanView.swift in Sources */,
				DA4AEC23211D70C300901CD6 /* TextCreateColumn.swift in Sources */,
				DA4AEC06211D70C300901CD6 /* DeleteBoard.swift in Sources */,
				DA4AEC0E211D70C300901CD6 /* BoardViewModel.swift in Sources */,
				DA4AEC24211D70C300901CD6 /* TextChange.swift in Sources */,
				DA4AEC09211D70C300901CD6 /* DeleteColumn.swift in Sources */,
				DA4AEC16211D70C300901CD6 /* LibraryPresenter.swift in Sources */,
				DA4AEC12211D70C300901CD6 /* LibraryView.swift in Sources */,
				DA4AEC20211D70C300901CD6 /* EditPresenter.swift in Sources */,
				DA4AEC2B211D70C300901CD6 /* ShareViewModel.swift in Sources */,
				DA4AEC05211D70C300901CD6 /* DeletePresenter.swift in Sources */,
			);
			runOnlyForDeploymentPostprocessing = 0;
		};
		DAFB977F211D6DD20089F935 /* Sources */ = {
			isa = PBXSourcesBuildPhase;
			buildActionMask = 2147483647;
			files = (
				DA4AEBB0211D700600901CD6 /* DatabaseService.swift in Sources */,
				DA4AEBAA211D700600901CD6 /* LibraryDelegate.swift in Sources */,
				DA4AEBB3211D700600901CD6 /* Board.swift in Sources */,
				DA4AEBAB211D700600901CD6 /* LibraryStateProtocol.swift in Sources */,
				DA4AEBB7211D700600901CD6 /* TextProtocol.swift in Sources */,
				DA4AEBA8211D700600901CD6 /* Library.swift in Sources */,
				DA4AEBB1211D700600901CD6 /* Factory.swift in Sources */,
				DA4AEBAC211D700600901CD6 /* LibraryProtocol.swift in Sources */,
				DA4AEBB4211D700600901CD6 /* Session.swift in Sources */,
				DA4AEBA9211D700600901CD6 /* LibraryStateDefault.swift in Sources */,
				DA4AEBB5211D700600901CD6 /* Card.swift in Sources */,
				DA4AEBAE211D700600901CD6 /* CacheService.swift in Sources */,
				DA4AEBB6211D700600901CD6 /* Column.swift in Sources */,
				DA4AEBAF211D700600901CD6 /* DomainError.swift in Sources */,
				DA4AEBAD211D700600901CD6 /* LibraryStateReady.swift in Sources */,
				DA4AEBB2211D700600901CD6 /* Configuration.swift in Sources */,
			);
			runOnlyForDeploymentPostprocessing = 0;
		};
		DAFB978A211D6E030089F935 /* Sources */ = {
			isa = PBXSourcesBuildPhase;
			buildActionMask = 2147483647;
			files = (
				DA4AEBC1211D703400901CD6 /* MockCache.swift in Sources */,
				DA4AEBC2211D703400901CD6 /* TestLibrary.swift in Sources */,
				DA4AEBBF211D703400901CD6 /* MockLibraryDelegate.swift in Sources */,
				DA4AEBC0211D703400901CD6 /* MockDatabase.swift in Sources */,
				DA4AEBBE211D703400901CD6 /* TestFactory.swift in Sources */,
			);
			runOnlyForDeploymentPostprocessing = 0;
		};
/* End PBXSourcesBuildPhase section */

/* Begin PBXTargetDependency section */
		DAFB9795211D6E030089F935 /* PBXTargetDependency */ = {
			isa = PBXTargetDependency;
			target = DAFB9782211D6DD20089F935 /* Domain */;
			targetProxy = DAFB9794211D6E030089F935 /* PBXContainerItemProxy */;
		};
/* End PBXTargetDependency section */

/* Begin PBXVariantGroup section */
		DA4AEBC6211D708B00901CD6 /* Localizable.strings */ = {
			isa = PBXVariantGroup;
			children = (
				DA4AEBC7211D708B00901CD6 /* en */,
			);
			name = Localizable.strings;
			sourceTree = "<group>";
		};
		DA4AEBC8211D708B00901CD6 /* Domain.strings */ = {
			isa = PBXVariantGroup;
			children = (
				DA4AEBC9211D708B00901CD6 /* en */,
			);
			name = Domain.strings;
			sourceTree = "<group>";
		};
/* End PBXVariantGroup section */

/* Begin XCBuildConfiguration section */
		DAFB977A211D6DB30089F935 /* Debug */ = {
			isa = XCBuildConfiguration;
			buildSettings = {
				ALWAYS_SEARCH_USER_PATHS = NO;
				CLANG_ANALYZER_NONNULL = YES;
				CLANG_ANALYZER_NUMBER_OBJECT_CONVERSION = YES_AGGRESSIVE;
				CLANG_CXX_LANGUAGE_STANDARD = "gnu++14";
				CLANG_CXX_LIBRARY = "libc++";
				CLANG_ENABLE_OBJC_ARC = YES;
				CLANG_ENABLE_OBJC_WEAK = YES;
				CLANG_WARN_BLOCK_CAPTURE_AUTORELEASING = YES;
				CLANG_WARN_BOOL_CONVERSION = YES;
				CLANG_WARN_COMMA = YES;
				CLANG_WARN_CONSTANT_CONVERSION = YES;
				CLANG_WARN_DEPRECATED_OBJC_IMPLEMENTATIONS = YES;
				CLANG_WARN_DIRECT_OBJC_ISA_USAGE = YES_ERROR;
				CLANG_WARN_DOCUMENTATION_COMMENTS = YES;
				CLANG_WARN_EMPTY_BODY = YES;
				CLANG_WARN_ENUM_CONVERSION = YES;
				CLANG_WARN_INFINITE_RECURSION = YES;
				CLANG_WARN_INT_CONVERSION = YES;
				CLANG_WARN_NON_LITERAL_NULL_CONVERSION = YES;
				CLANG_WARN_OBJC_IMPLICIT_RETAIN_SELF = YES;
				CLANG_WARN_OBJC_LITERAL_CONVERSION = YES;
				CLANG_WARN_OBJC_ROOT_CLASS = YES_ERROR;
				CLANG_WARN_RANGE_LOOP_ANALYSIS = YES;
				CLANG_WARN_STRICT_PROTOTYPES = YES;
				CLANG_WARN_SUSPICIOUS_MOVE = YES;
				CLANG_WARN_UNGUARDED_AVAILABILITY = YES_AGGRESSIVE;
				CLANG_WARN_UNREACHABLE_CODE = YES;
				CLANG_WARN__DUPLICATE_METHOD_MATCH = YES;
				CODE_SIGN_IDENTITY = "iPhone Developer";
				COPY_PHASE_STRIP = NO;
				DEBUG_INFORMATION_FORMAT = dwarf;
				ENABLE_STRICT_OBJC_MSGSEND = YES;
				ENABLE_TESTABILITY = YES;
				GCC_C_LANGUAGE_STANDARD = gnu11;
				GCC_DYNAMIC_NO_PIC = NO;
				GCC_NO_COMMON_BLOCKS = YES;
				GCC_OPTIMIZATION_LEVEL = 0;
				GCC_PREPROCESSOR_DEFINITIONS = (
					"DEBUG=1",
					"$(inherited)",
				);
				GCC_WARN_64_TO_32_BIT_CONVERSION = YES;
				GCC_WARN_ABOUT_RETURN_TYPE = YES_ERROR;
				GCC_WARN_UNDECLARED_SELECTOR = YES;
				GCC_WARN_UNINITIALIZED_AUTOS = YES_AGGRESSIVE;
				GCC_WARN_UNUSED_FUNCTION = YES;
				GCC_WARN_UNUSED_VARIABLE = YES;
				IPHONEOS_DEPLOYMENT_TARGET = 9.0;
				MTL_ENABLE_DEBUG_INFO = INCLUDE_SOURCE;
				MTL_FAST_MATH = YES;
				ONLY_ACTIVE_ARCH = YES;
				SDKROOT = iphoneos;
				SWIFT_ACTIVE_COMPILATION_CONDITIONS = DEBUG;
				SWIFT_INSTALL_OBJC_HEADER = NO;
				SWIFT_OPTIMIZATION_LEVEL = "-Onone";
				SWIFT_VERSION = 4.2;
			};
			name = Debug;
		};
		DAFB977B211D6DB30089F935 /* Release */ = {
			isa = XCBuildConfiguration;
			buildSettings = {
				ALWAYS_SEARCH_USER_PATHS = NO;
				CLANG_ANALYZER_NONNULL = YES;
				CLANG_ANALYZER_NUMBER_OBJECT_CONVERSION = YES_AGGRESSIVE;
				CLANG_CXX_LANGUAGE_STANDARD = "gnu++14";
				CLANG_CXX_LIBRARY = "libc++";
				CLANG_ENABLE_OBJC_ARC = YES;
				CLANG_ENABLE_OBJC_WEAK = YES;
				CLANG_WARN_BLOCK_CAPTURE_AUTORELEASING = YES;
				CLANG_WARN_BOOL_CONVERSION = YES;
				CLANG_WARN_COMMA = YES;
				CLANG_WARN_CONSTANT_CONVERSION = YES;
				CLANG_WARN_DEPRECATED_OBJC_IMPLEMENTATIONS = YES;
				CLANG_WARN_DIRECT_OBJC_ISA_USAGE = YES_ERROR;
				CLANG_WARN_DOCUMENTATION_COMMENTS = YES;
				CLANG_WARN_EMPTY_BODY = YES;
				CLANG_WARN_ENUM_CONVERSION = YES;
				CLANG_WARN_INFINITE_RECURSION = YES;
				CLANG_WARN_INT_CONVERSION = YES;
				CLANG_WARN_NON_LITERAL_NULL_CONVERSION = YES;
				CLANG_WARN_OBJC_IMPLICIT_RETAIN_SELF = YES;
				CLANG_WARN_OBJC_LITERAL_CONVERSION = YES;
				CLANG_WARN_OBJC_ROOT_CLASS = YES_ERROR;
				CLANG_WARN_RANGE_LOOP_ANALYSIS = YES;
				CLANG_WARN_STRICT_PROTOTYPES = YES;
				CLANG_WARN_SUSPICIOUS_MOVE = YES;
				CLANG_WARN_UNGUARDED_AVAILABILITY = YES_AGGRESSIVE;
				CLANG_WARN_UNREACHABLE_CODE = YES;
				CLANG_WARN__DUPLICATE_METHOD_MATCH = YES;
				CODE_SIGN_IDENTITY = "iPhone Developer";
				COPY_PHASE_STRIP = NO;
				DEBUG_INFORMATION_FORMAT = dwarf;
				ENABLE_NS_ASSERTIONS = NO;
				ENABLE_STRICT_OBJC_MSGSEND = YES;
				GCC_C_LANGUAGE_STANDARD = gnu11;
				GCC_NO_COMMON_BLOCKS = YES;
				GCC_WARN_64_TO_32_BIT_CONVERSION = YES;
				GCC_WARN_ABOUT_RETURN_TYPE = YES_ERROR;
				GCC_WARN_UNDECLARED_SELECTOR = YES;
				GCC_WARN_UNINITIALIZED_AUTOS = YES_AGGRESSIVE;
				GCC_WARN_UNUSED_FUNCTION = YES;
				GCC_WARN_UNUSED_VARIABLE = YES;
				IPHONEOS_DEPLOYMENT_TARGET = 9.0;
				MTL_ENABLE_DEBUG_INFO = NO;
				MTL_FAST_MATH = YES;
				SDKROOT = iphoneos;
				SWIFT_COMPILATION_MODE = wholemodule;
				SWIFT_INSTALL_OBJC_HEADER = NO;
				SWIFT_OPTIMIZATION_LEVEL = "-O";
				SWIFT_VERSION = 4.2;
				VALIDATE_PRODUCT = YES;
			};
			name = Release;
		};
		DAFB977D211D6DB30089F935 /* Debug */ = {
			isa = XCBuildConfiguration;
			baseConfigurationReference = C18BC4FD5F22658D82C29A7E /* Pods-Catban.debug.xcconfig */;
			buildSettings = {
				ASSETCATALOG_COMPILER_APPICON_NAME = AppIcon;
				CODE_SIGN_STYLE = Automatic;
				DEVELOPMENT_TEAM = 7AMWG3RLHN;
				INFOPLIST_FILE = Configuration/application.plist;
				LD_RUNPATH_SEARCH_PATHS = (
					"$(inherited)",
					"@executable_path/Frameworks",
				);
				PRODUCT_BUNDLE_IDENTIFIER = iturbide.catban;
				PRODUCT_NAME = "$(TARGET_NAME)";
				TARGETED_DEVICE_FAMILY = "1,2";
			};
			name = Debug;
		};
		DAFB977E211D6DB30089F935 /* Release */ = {
			isa = XCBuildConfiguration;
			baseConfigurationReference = BE15FF0D6D3A45A1675D63E5 /* Pods-Catban.release.xcconfig */;
			buildSettings = {
				ASSETCATALOG_COMPILER_APPICON_NAME = AppIcon;
				CODE_SIGN_STYLE = Automatic;
				DEVELOPMENT_TEAM = 7AMWG3RLHN;
				INFOPLIST_FILE = Configuration/application.plist;
				LD_RUNPATH_SEARCH_PATHS = (
					"$(inherited)",
					"@executable_path/Frameworks",
				);
				PRODUCT_BUNDLE_IDENTIFIER = iturbide.catban;
				PRODUCT_NAME = "$(TARGET_NAME)";
				TARGETED_DEVICE_FAMILY = "1,2";
			};
			name = Release;
		};
		DAFB9788211D6DD20089F935 /* Debug */ = {
			isa = XCBuildConfiguration;
			buildSettings = {
				CODE_SIGN_STYLE = Automatic;
				DEVELOPMENT_TEAM = 7AMWG3RLHN;
				OTHER_LDFLAGS = "-ObjC";
				PRODUCT_NAME = "$(TARGET_NAME)";
				SKIP_INSTALL = YES;
				TARGETED_DEVICE_FAMILY = "1,2";
			};
			name = Debug;
		};
		DAFB9789211D6DD20089F935 /* Release */ = {
			isa = XCBuildConfiguration;
			buildSettings = {
				CODE_SIGN_STYLE = Automatic;
				DEVELOPMENT_TEAM = 7AMWG3RLHN;
				OTHER_LDFLAGS = "-ObjC";
				PRODUCT_NAME = "$(TARGET_NAME)";
				SKIP_INSTALL = YES;
				TARGETED_DEVICE_FAMILY = "1,2";
			};
			name = Release;
		};
		DAFB9797211D6E030089F935 /* Debug */ = {
			isa = XCBuildConfiguration;
			buildSettings = {
				ALWAYS_EMBED_SWIFT_STANDARD_LIBRARIES = YES;
				CODE_SIGN_STYLE = Automatic;
				DEVELOPMENT_TEAM = 7AMWG3RLHN;
				INFOPLIST_FILE = Configuration/tests.plist;
				LD_RUNPATH_SEARCH_PATHS = (
					"$(inherited)",
					"@executable_path/Frameworks",
					"@loader_path/Frameworks",
				);
				PRODUCT_BUNDLE_IDENTIFIER = iturbide.catban.Tests;
				PRODUCT_NAME = "$(TARGET_NAME)";
				TARGETED_DEVICE_FAMILY = "1,2";
			};
			name = Debug;
		};
		DAFB9798211D6E030089F935 /* Release */ = {
			isa = XCBuildConfiguration;
			buildSettings = {
				ALWAYS_EMBED_SWIFT_STANDARD_LIBRARIES = YES;
				CODE_SIGN_STYLE = Automatic;
				DEVELOPMENT_TEAM = 7AMWG3RLHN;
				INFOPLIST_FILE = Configuration/tests.plist;
				LD_RUNPATH_SEARCH_PATHS = (
					"$(inherited)",
					"@executable_path/Frameworks",
					"@loader_path/Frameworks",
				);
				PRODUCT_BUNDLE_IDENTIFIER = iturbide.catban.Tests;
				PRODUCT_NAME = "$(TARGET_NAME)";
				TARGETED_DEVICE_FAMILY = "1,2";
			};
			name = Release;
		};
/* End XCBuildConfiguration section */

/* Begin XCConfigurationList section */
		DAFB9765211D6DB20089F935 /* Build configuration list for PBXProject "Catban" */ = {
			isa = XCConfigurationList;
			buildConfigurations = (
				DAFB977A211D6DB30089F935 /* Debug */,
				DAFB977B211D6DB30089F935 /* Release */,
			);
			defaultConfigurationIsVisible = 0;
			defaultConfigurationName = Release;
		};
		DAFB977C211D6DB30089F935 /* Build configuration list for PBXNativeTarget "Catban" */ = {
			isa = XCConfigurationList;
			buildConfigurations = (
				DAFB977D211D6DB30089F935 /* Debug */,
				DAFB977E211D6DB30089F935 /* Release */,
			);
			defaultConfigurationIsVisible = 0;
			defaultConfigurationName = Release;
		};
		DAFB9787211D6DD20089F935 /* Build configuration list for PBXNativeTarget "Domain" */ = {
			isa = XCConfigurationList;
			buildConfigurations = (
				DAFB9788211D6DD20089F935 /* Debug */,
				DAFB9789211D6DD20089F935 /* Release */,
			);
			defaultConfigurationIsVisible = 0;
			defaultConfigurationName = Release;
		};
		DAFB9796211D6E030089F935 /* Build configuration list for PBXNativeTarget "Tests" */ = {
			isa = XCConfigurationList;
			buildConfigurations = (
				DAFB9797211D6E030089F935 /* Debug */,
				DAFB9798211D6E030089F935 /* Release */,
			);
			defaultConfigurationIsVisible = 0;
			defaultConfigurationName = Release;
		};
/* End XCConfigurationList section */
	};
	rootObject = DAFB9762211D6DB20089F935 /* Project object */;
}
