// !$*UTF8*$!
{
	archiveVersion = 1;
	classes = {
	};
	objectVersion = 50;
	objects = {

/* Begin PBXBuildFile section */
		2A8F15B97B8245C5B2232546 /* libPods-Application.a in Frameworks */ = {isa = PBXBuildFile; fileRef = 3EDC74E69924C4AE255DEAE3 /* libPods-Application.a */; };
		DA1602FB2132AD2C004F6D44 /* TestLibrary_Ready.swift in Sources */ = {isa = PBXBuildFile; fileRef = DA1602FA2132AD2C004F6D44 /* TestLibrary_Ready.swift */; };
		DA254B012126D23C00D1E3C8 /* InfoViewModel.swift in Sources */ = {isa = PBXBuildFile; fileRef = DA254B002126D23C00D1E3C8 /* InfoViewModel.swift */; };
		DA28AED721353C250030AE9E /* PopupView.swift in Sources */ = {isa = PBXBuildFile; fileRef = DA28AED621353C250030AE9E /* PopupView.swift */; };
		DA2E4B3D211DD97400861576 /* libCatban.a in Frameworks */ = {isa = PBXBuildFile; fileRef = DA4C64D1211DD40300ECAD21 /* libCatban.a */; };
		DA2FB7CE212032E3001C758E /* BoardHeaderView.swift in Sources */ = {isa = PBXBuildFile; fileRef = DA2FB7CD212032E3001C758E /* BoardHeaderView.swift */; };
		DA2FB7D02120356C001C758E /* BoardCardView.swift in Sources */ = {isa = PBXBuildFile; fileRef = DA2FB7CF2120356C001C758E /* BoardCardView.swift */; };
		DA2FB7D221203BDF001C758E /* BoardButtonView.swift in Sources */ = {isa = PBXBuildFile; fileRef = DA2FB7D121203BDF001C758E /* BoardButtonView.swift */; };
		DA2FB7D421206172001C758E /* LaunchScreen.storyboard in Resources */ = {isa = PBXBuildFile; fileRef = DA2FB7D321206172001C758E /* LaunchScreen.storyboard */; };
		DA32C2522121DC5A0018BBC3 /* BoardProgress.swift in Sources */ = {isa = PBXBuildFile; fileRef = DA32C2512121DC5A0018BBC3 /* BoardProgress.swift */; };
		DA3E97F7212AA97300240F8E /* TestLibrary_Boards.swift in Sources */ = {isa = PBXBuildFile; fileRef = DA3E97F6212AA97300240F8E /* TestLibrary_Boards.swift */; };
		DA3E97F9212AA9F000240F8E /* TestLibrary_Properties.swift in Sources */ = {isa = PBXBuildFile; fileRef = DA3E97F8212AA9F000240F8E /* TestLibrary_Properties.swift */; };
		DA3E97FB212AACB400240F8E /* SettingsViewModel.swift in Sources */ = {isa = PBXBuildFile; fileRef = DA3E97FA212AACB400240F8E /* SettingsViewModel.swift */; };
		DA4BE7E92129945800A54E65 /* BoardState.swift in Sources */ = {isa = PBXBuildFile; fileRef = DA4BE7E82129945800A54E65 /* BoardState.swift */; };
		DA4BE7EB2129948700A54E65 /* BoardStateDefault.swift in Sources */ = {isa = PBXBuildFile; fileRef = DA4BE7EA2129948700A54E65 /* BoardStateDefault.swift */; };
		DA4BE7ED2129949000A54E65 /* BoardStateSearch.swift in Sources */ = {isa = PBXBuildFile; fileRef = DA4BE7EC2129949000A54E65 /* BoardStateSearch.swift */; };
		DA4C64D9211DD4F900ECAD21 /* GoogleService-Info.plist in Resources */ = {isa = PBXBuildFile; fileRef = DA4C64D8211DD4E400ECAD21 /* GoogleService-Info.plist */; };
		DA4C64EE211DD54100ECAD21 /* Library.swift in Sources */ = {isa = PBXBuildFile; fileRef = DA4C64DC211DD54100ECAD21 /* Library.swift */; };
		DA4C64EF211DD54100ECAD21 /* LibraryDefault.swift in Sources */ = {isa = PBXBuildFile; fileRef = DA4C64DD211DD54100ECAD21 /* LibraryDefault.swift */; };
		DA4C64F0211DD54100ECAD21 /* LibraryDelegate.swift in Sources */ = {isa = PBXBuildFile; fileRef = DA4C64DE211DD54100ECAD21 /* LibraryDelegate.swift */; };
		DA4C64F1211DD54100ECAD21 /* LibraryState.swift in Sources */ = {isa = PBXBuildFile; fileRef = DA4C64DF211DD54100ECAD21 /* LibraryState.swift */; };
		DA4C64F3211DD54100ECAD21 /* LibraryReady.swift in Sources */ = {isa = PBXBuildFile; fileRef = DA4C64E1211DD54100ECAD21 /* LibraryReady.swift */; };
		DA4C64F4211DD54100ECAD21 /* CacheService.swift in Sources */ = {isa = PBXBuildFile; fileRef = DA4C64E3211DD54100ECAD21 /* CacheService.swift */; };
		DA4C64F5211DD54100ECAD21 /* CatbanError.swift in Sources */ = {isa = PBXBuildFile; fileRef = DA4C64E4211DD54100ECAD21 /* CatbanError.swift */; };
		DA4C64F6211DD54100ECAD21 /* DatabaseService.swift in Sources */ = {isa = PBXBuildFile; fileRef = DA4C64E5211DD54100ECAD21 /* DatabaseService.swift */; };
		DA4C64F7211DD54100ECAD21 /* Factory.swift in Sources */ = {isa = PBXBuildFile; fileRef = DA4C64E6211DD54100ECAD21 /* Factory.swift */; };
		DA4C64F9211DD54100ECAD21 /* Board.swift in Sources */ = {isa = PBXBuildFile; fileRef = DA4C64E9211DD54100ECAD21 /* Board.swift */; };
		DA4C64FA211DD54100ECAD21 /* Session.swift in Sources */ = {isa = PBXBuildFile; fileRef = DA4C64EA211DD54100ECAD21 /* Session.swift */; };
		DA4C64FB211DD54100ECAD21 /* Card.swift in Sources */ = {isa = PBXBuildFile; fileRef = DA4C64EB211DD54100ECAD21 /* Card.swift */; };
		DA4C64FC211DD54100ECAD21 /* Column.swift in Sources */ = {isa = PBXBuildFile; fileRef = DA4C64EC211DD54100ECAD21 /* Column.swift */; };
		DA4C64FD211DD54100ECAD21 /* TextProtocol.swift in Sources */ = {isa = PBXBuildFile; fileRef = DA4C64ED211DD54100ECAD21 /* TextProtocol.swift */; };
		DA4C6504211DD54A00ECAD21 /* TestFactory.swift in Sources */ = {isa = PBXBuildFile; fileRef = DA4C64FF211DD54900ECAD21 /* TestFactory.swift */; };
		DA4C6505211DD54A00ECAD21 /* MockLibraryDelegate.swift in Sources */ = {isa = PBXBuildFile; fileRef = DA4C6500211DD54900ECAD21 /* MockLibraryDelegate.swift */; };
		DA4C6506211DD54A00ECAD21 /* MockDatabase.swift in Sources */ = {isa = PBXBuildFile; fileRef = DA4C6501211DD54900ECAD21 /* MockDatabase.swift */; };
		DA4C6507211DD54A00ECAD21 /* MockCache.swift in Sources */ = {isa = PBXBuildFile; fileRef = DA4C6502211DD54900ECAD21 /* MockCache.swift */; };
		DA4C6508211DD54A00ECAD21 /* TestLibrary_Default.swift in Sources */ = {isa = PBXBuildFile; fileRef = DA4C6503211DD54900ECAD21 /* TestLibrary_Default.swift */; };
		DA4C6513211DD57A00ECAD21 /* Localizable.strings in Resources */ = {isa = PBXBuildFile; fileRef = DA4C650A211DD57A00ECAD21 /* Localizable.strings */; };
		DA4C6514211DD57A00ECAD21 /* InfoPlist.strings in Resources */ = {isa = PBXBuildFile; fileRef = DA4C650C211DD57A00ECAD21 /* InfoPlist.strings */; };
		DA4C6517211DD57A00ECAD21 /* assets.xcassets in Resources */ = {isa = PBXBuildFile; fileRef = DA4C6511211DD57A00ECAD21 /* assets.xcassets */; };
		DA4C6518211DD57A00ECAD21 /* brand.xcassets in Resources */ = {isa = PBXBuildFile; fileRef = DA4C6512211DD57A00ECAD21 /* brand.xcassets */; };
		DA4C654B211DD58A00ECAD21 /* DeletePresenter.swift in Sources */ = {isa = PBXBuildFile; fileRef = DA4C651C211DD58A00ECAD21 /* DeletePresenter.swift */; };
		DA4C654E211DD58A00ECAD21 /* DeleteView.swift in Sources */ = {isa = PBXBuildFile; fileRef = DA4C651F211DD58A00ECAD21 /* DeleteView.swift */; };
		DA4C6550211DD58A00ECAD21 /* BoardView.swift in Sources */ = {isa = PBXBuildFile; fileRef = DA4C6522211DD58A00ECAD21 /* BoardView.swift */; };
		DA4C6551211DD58A00ECAD21 /* BoardDrawer.swift in Sources */ = {isa = PBXBuildFile; fileRef = DA4C6523211DD58A00ECAD21 /* BoardDrawer.swift */; };
		DA4C6552211DD58A00ECAD21 /* BoardItemView.swift in Sources */ = {isa = PBXBuildFile; fileRef = DA4C6524211DD58A00ECAD21 /* BoardItemView.swift */; };
		DA4C6553211DD58A00ECAD21 /* BoardPresenter.swift in Sources */ = {isa = PBXBuildFile; fileRef = DA4C6525211DD58A00ECAD21 /* BoardPresenter.swift */; };
		DA4C6554211DD58A00ECAD21 /* BoardTitle.swift in Sources */ = {isa = PBXBuildFile; fileRef = DA4C6526211DD58A00ECAD21 /* BoardTitle.swift */; };
		DA4C6555211DD58A00ECAD21 /* BoardInteractor.swift in Sources */ = {isa = PBXBuildFile; fileRef = DA4C6527211DD58A00ECAD21 /* BoardInteractor.swift */; };
		DA4C6556211DD58A00ECAD21 /* BoardLayouter.swift in Sources */ = {isa = PBXBuildFile; fileRef = DA4C6528211DD58A00ECAD21 /* BoardLayouter.swift */; };
		DA4C6557211DD58A00ECAD21 /* LibraryItems.swift in Sources */ = {isa = PBXBuildFile; fileRef = DA4C652A211DD58A00ECAD21 /* LibraryItems.swift */; };
		DA4C6558211DD58A00ECAD21 /* LibraryView.swift in Sources */ = {isa = PBXBuildFile; fileRef = DA4C652B211DD58A00ECAD21 /* LibraryView.swift */; };
		DA4C6559211DD58A00ECAD21 /* LibraryItem.swift in Sources */ = {isa = PBXBuildFile; fileRef = DA4C652C211DD58A00ECAD21 /* LibraryItem.swift */; };
		DA4C655A211DD58A00ECAD21 /* LibraryCellView.swift in Sources */ = {isa = PBXBuildFile; fileRef = DA4C652D211DD58A00ECAD21 /* LibraryCellView.swift */; };
		DA4C655B211DD58A00ECAD21 /* LibraryInteractor.swift in Sources */ = {isa = PBXBuildFile; fileRef = DA4C652E211DD58A00ECAD21 /* LibraryInteractor.swift */; };
		DA4C655C211DD58A00ECAD21 /* LibraryPresenter.swift in Sources */ = {isa = PBXBuildFile; fileRef = DA4C652F211DD58A00ECAD21 /* LibraryPresenter.swift */; };
		DA4C655E211DD58A00ECAD21 /* Router.swift in Sources */ = {isa = PBXBuildFile; fileRef = DA4C6532211DD58A00ECAD21 /* Router.swift */; };
		DA4C6560211DD58A00ECAD21 /* Application.swift in Sources */ = {isa = PBXBuildFile; fileRef = DA4C6534211DD58A00ECAD21 /* Application.swift */; };
		DA4C6562211DD58A00ECAD21 /* LoadingView.swift in Sources */ = {isa = PBXBuildFile; fileRef = DA4C6536211DD58A00ECAD21 /* LoadingView.swift */; };
		DA4C6566211DD58A00ECAD21 /* EditPresenter.swift in Sources */ = {isa = PBXBuildFile; fileRef = DA4C653C211DD58A00ECAD21 /* EditPresenter.swift */; };
		DA4C656B211DD58A00ECAD21 /* EditView.swift in Sources */ = {isa = PBXBuildFile; fileRef = DA4C6541211DD58A00ECAD21 /* EditView.swift */; };
		DA4C656D211DD58A00ECAD21 /* Database.swift in Sources */ = {isa = PBXBuildFile; fileRef = DA4C6544211DD58A00ECAD21 /* Database.swift */; };
		DA4C656E211DD58A00ECAD21 /* Cache.swift in Sources */ = {isa = PBXBuildFile; fileRef = DA4C6545211DD58A00ECAD21 /* Cache.swift */; };
		DA4C656F211DD58A00ECAD21 /* SharePresenter.swift in Sources */ = {isa = PBXBuildFile; fileRef = DA4C6547211DD58A00ECAD21 /* SharePresenter.swift */; };
		DA4C6570211DD58A00ECAD21 /* ShareView.swift in Sources */ = {isa = PBXBuildFile; fileRef = DA4C6548211DD58A00ECAD21 /* ShareView.swift */; };
		DA4C6571211DD58A00ECAD21 /* ShareViewModel.swift in Sources */ = {isa = PBXBuildFile; fileRef = DA4C6549211DD58A00ECAD21 /* ShareViewModel.swift */; };
		DA55AF212122C5A600B50D9C /* BoardStackView.swift in Sources */ = {isa = PBXBuildFile; fileRef = DA55AF202122C5A600B50D9C /* BoardStackView.swift */; };
		DA56EADB211DDA77000A333A /* libCatban.a in Frameworks */ = {isa = PBXBuildFile; fileRef = DA4C64D1211DD40300ECAD21 /* libCatban.a */; };
		DA69DCF4212828E400FE7C90 /* SettingsInteractor.swift in Sources */ = {isa = PBXBuildFile; fileRef = DA69DCF3212828E400FE7C90 /* SettingsInteractor.swift */; };
		DA69DCF621282AF900FE7C90 /* SettingsPresenter.swift in Sources */ = {isa = PBXBuildFile; fileRef = DA69DCF521282AF900FE7C90 /* SettingsPresenter.swift */; };
		DA69DCF821282B1A00FE7C90 /* SettingsView.swift in Sources */ = {isa = PBXBuildFile; fileRef = DA69DCF721282B1A00FE7C90 /* SettingsView.swift */; };
		DA6C362D2138194F0009583A /* NotificationCenter.framework in Frameworks */ = {isa = PBXBuildFile; fileRef = DA6C362C2138194F0009583A /* NotificationCenter.framework */; };
		DA6C36372138194F0009583A /* Today.appex in Embed App Extensions */ = {isa = PBXBuildFile; fileRef = DA6C362B2138194F0009583A /* Today.appex */; settings = {ATTRIBUTES = (RemoveHeadersOnCopy, ); }; };
		DA6C363F21381AF80009583A /* TodayView.swift in Sources */ = {isa = PBXBuildFile; fileRef = DA6C363E21381AF80009583A /* TodayView.swift */; };
		DA6C3641213824C50009583A /* TodayCellView.swift in Sources */ = {isa = PBXBuildFile; fileRef = DA6C3640213824C50009583A /* TodayCellView.swift */; };
		DA741D93213924C6002555E4 /* Today.swift in Sources */ = {isa = PBXBuildFile; fileRef = DA741D92213924C6002555E4 /* Today.swift */; };
		DA741D94213924C6002555E4 /* Today.swift in Sources */ = {isa = PBXBuildFile; fileRef = DA741D92213924C6002555E4 /* Today.swift */; };
		DA741D9521392945002555E4 /* LibraryItem.swift in Sources */ = {isa = PBXBuildFile; fileRef = DA4C652C211DD58A00ECAD21 /* LibraryItem.swift */; };
		DA759E202126AB8B00E92FD9 /* InfoPresenter.swift in Sources */ = {isa = PBXBuildFile; fileRef = DA759E1F2126AB8B00E92FD9 /* InfoPresenter.swift */; };
		DA759E222126AB9C00E92FD9 /* InfoView.swift in Sources */ = {isa = PBXBuildFile; fileRef = DA759E212126AB9C00E92FD9 /* InfoView.swift */; };
		DA817F7E2121640700732944 /* Report.swift in Sources */ = {isa = PBXBuildFile; fileRef = DA817F7D2121640700732944 /* Report.swift */; };
		DA817F802121646600732944 /* ReportStats.swift in Sources */ = {isa = PBXBuildFile; fileRef = DA817F7F2121646600732944 /* ReportStats.swift */; };
		DA817F82212165E000732944 /* TestReport.swift in Sources */ = {isa = PBXBuildFile; fileRef = DA817F81212165E000732944 /* TestReport.swift */; };
		DA8D12942131579E0019B2C2 /* InfoBoard.md in Resources */ = {isa = PBXBuildFile; fileRef = DA8D12922131579D0019B2C2 /* InfoBoard.md */; };
		DA8D12952131579E0019B2C2 /* InfoCard.md in Resources */ = {isa = PBXBuildFile; fileRef = DA8D12932131579E0019B2C2 /* InfoCard.md */; };
		DA8D1297213161800019B2C2 /* Alert.swift in Sources */ = {isa = PBXBuildFile; fileRef = DA8D1296213161800019B2C2 /* Alert.swift */; };
		DAAED640213AB7220031D8B9 /* LibraryStrategy.swift in Sources */ = {isa = PBXBuildFile; fileRef = DAAED63F213AB7220031D8B9 /* LibraryStrategy.swift */; };
		DABD57CB211ED98900C72A7F /* TestColumn.swift in Sources */ = {isa = PBXBuildFile; fileRef = DABD57CA211ED98900C72A7F /* TestColumn.swift */; };
		DABD57CD211EDA8700C72A7F /* TestBoard.swift in Sources */ = {isa = PBXBuildFile; fileRef = DABD57CC211EDA8700C72A7F /* TestBoard.swift */; };
		DABD57CF211EF0AE00C72A7F /* TestSession.swift in Sources */ = {isa = PBXBuildFile; fileRef = DABD57CE211EF0AE00C72A7F /* TestSession.swift */; };
		DAC3670D21342A05009DD113 /* EditText.swift in Sources */ = {isa = PBXBuildFile; fileRef = DAC3670C21342A05009DD113 /* EditText.swift */; };
		DAC3670F2134316F009DD113 /* EditDelete.swift in Sources */ = {isa = PBXBuildFile; fileRef = DAC3670E2134316F009DD113 /* EditDelete.swift */; };
/* End PBXBuildFile section */

/* Begin PBXContainerItemProxy section */
		DA145039211DD23100D1BD9E /* PBXContainerItemProxy */ = {
			isa = PBXContainerItemProxy;
			containerPortal = DA14501E211DD1F700D1BD9E /* Project object */;
			proxyType = 1;
			remoteGlobalIDString = DA145025211DD1F700D1BD9E;
			remoteInfo = Catban;
		};
		DA6C36352138194F0009583A /* PBXContainerItemProxy */ = {
			isa = PBXContainerItemProxy;
			containerPortal = DA14501E211DD1F700D1BD9E /* Project object */;
			proxyType = 1;
			remoteGlobalIDString = DA6C362A2138194F0009583A;
			remoteInfo = Today;
		};
/* End PBXContainerItemProxy section */

/* Begin PBXCopyFilesBuildPhase section */
		DA145024211DD1F700D1BD9E /* CopyFiles */ = {
			isa = PBXCopyFilesBuildPhase;
			buildActionMask = 2147483647;
			dstPath = "include/$(PRODUCT_NAME)";
			dstSubfolderSpec = 16;
			files = (
			);
			runOnlyForDeploymentPostprocessing = 0;
		};
		DA6C363B2138194F0009583A /* Embed App Extensions */ = {
			isa = PBXCopyFilesBuildPhase;
			buildActionMask = 2147483647;
			dstPath = "";
			dstSubfolderSpec = 13;
			files = (
				DA6C36372138194F0009583A /* Today.appex in Embed App Extensions */,
			);
			name = "Embed App Extensions";
			runOnlyForDeploymentPostprocessing = 0;
		};
/* End PBXCopyFilesBuildPhase section */

/* Begin PBXFileReference section */
		3EDC74E69924C4AE255DEAE3 /* libPods-Application.a */ = {isa = PBXFileReference; explicitFileType = archive.ar; includeInIndex = 0; path = "libPods-Application.a"; sourceTree = BUILT_PRODUCTS_DIR; };
		D33FDA03AE178C194CD7098A /* libPods-Catban.a */ = {isa = PBXFileReference; explicitFileType = archive.ar; includeInIndex = 0; path = "libPods-Catban.a"; sourceTree = BUILT_PRODUCTS_DIR; };
		DA1602FA2132AD2C004F6D44 /* TestLibrary_Ready.swift */ = {isa = PBXFileReference; lastKnownFileType = sourcecode.swift; path = TestLibrary_Ready.swift; sourceTree = "<group>"; };
		DA254B002126D23C00D1E3C8 /* InfoViewModel.swift */ = {isa = PBXFileReference; lastKnownFileType = sourcecode.swift; path = InfoViewModel.swift; sourceTree = "<group>"; };
		DA28AED621353C250030AE9E /* PopupView.swift */ = {isa = PBXFileReference; lastKnownFileType = sourcecode.swift; path = PopupView.swift; sourceTree = "<group>"; };
		DA2FB7CD212032E3001C758E /* BoardHeaderView.swift */ = {isa = PBXFileReference; lastKnownFileType = sourcecode.swift; path = BoardHeaderView.swift; sourceTree = "<group>"; };
		DA2FB7CF2120356C001C758E /* BoardCardView.swift */ = {isa = PBXFileReference; lastKnownFileType = sourcecode.swift; path = BoardCardView.swift; sourceTree = "<group>"; };
		DA2FB7D121203BDF001C758E /* BoardButtonView.swift */ = {isa = PBXFileReference; lastKnownFileType = sourcecode.swift; path = BoardButtonView.swift; sourceTree = "<group>"; };
		DA2FB7D321206172001C758E /* LaunchScreen.storyboard */ = {isa = PBXFileReference; lastKnownFileType = file.storyboard; path = LaunchScreen.storyboard; sourceTree = "<group>"; };
		DA32C2512121DC5A0018BBC3 /* BoardProgress.swift */ = {isa = PBXFileReference; lastKnownFileType = sourcecode.swift; path = BoardProgress.swift; sourceTree = "<group>"; };
		DA3E97F6212AA97300240F8E /* TestLibrary_Boards.swift */ = {isa = PBXFileReference; lastKnownFileType = sourcecode.swift; path = TestLibrary_Boards.swift; sourceTree = "<group>"; };
		DA3E97F8212AA9F000240F8E /* TestLibrary_Properties.swift */ = {isa = PBXFileReference; lastKnownFileType = sourcecode.swift; path = TestLibrary_Properties.swift; sourceTree = "<group>"; };
		DA3E97FA212AACB400240F8E /* SettingsViewModel.swift */ = {isa = PBXFileReference; lastKnownFileType = sourcecode.swift; path = SettingsViewModel.swift; sourceTree = "<group>"; };
		DA4BE7E82129945800A54E65 /* BoardState.swift */ = {isa = PBXFileReference; lastKnownFileType = sourcecode.swift; path = BoardState.swift; sourceTree = "<group>"; };
		DA4BE7EA2129948700A54E65 /* BoardStateDefault.swift */ = {isa = PBXFileReference; lastKnownFileType = sourcecode.swift; path = BoardStateDefault.swift; sourceTree = "<group>"; };
		DA4BE7EC2129949000A54E65 /* BoardStateSearch.swift */ = {isa = PBXFileReference; lastKnownFileType = sourcecode.swift; path = BoardStateSearch.swift; sourceTree = "<group>"; };
		DA4C64D1211DD40300ECAD21 /* libCatban.a */ = {isa = PBXFileReference; explicitFileType = archive.ar; includeInIndex = 0; path = libCatban.a; sourceTree = BUILT_PRODUCTS_DIR; };
		DA4C64D2211DD40300ECAD21 /* Tests.xctest */ = {isa = PBXFileReference; explicitFileType = wrapper.cfbundle; includeInIndex = 0; path = Tests.xctest; sourceTree = BUILT_PRODUCTS_DIR; };
		DA4C64D3211DD40300ECAD21 /* Application.app */ = {isa = PBXFileReference; explicitFileType = wrapper.application; includeInIndex = 0; path = Application.app; sourceTree = BUILT_PRODUCTS_DIR; };
		DA4C64D6211DD4E400ECAD21 /* tests.plist */ = {isa = PBXFileReference; lastKnownFileType = text.plist.xml; path = tests.plist; sourceTree = "<group>"; };
		DA4C64D7211DD4E400ECAD21 /* application.plist */ = {isa = PBXFileReference; lastKnownFileType = text.plist.xml; path = application.plist; sourceTree = "<group>"; };
		DA4C64D8211DD4E400ECAD21 /* GoogleService-Info.plist */ = {isa = PBXFileReference; lastKnownFileType = text.plist.xml; path = "GoogleService-Info.plist"; sourceTree = "<group>"; };
		DA4C64DC211DD54100ECAD21 /* Library.swift */ = {isa = PBXFileReference; fileEncoding = 4; lastKnownFileType = sourcecode.swift; path = Library.swift; sourceTree = "<group>"; };
		DA4C64DD211DD54100ECAD21 /* LibraryDefault.swift */ = {isa = PBXFileReference; fileEncoding = 4; lastKnownFileType = sourcecode.swift; path = LibraryDefault.swift; sourceTree = "<group>"; };
		DA4C64DE211DD54100ECAD21 /* LibraryDelegate.swift */ = {isa = PBXFileReference; fileEncoding = 4; lastKnownFileType = sourcecode.swift; path = LibraryDelegate.swift; sourceTree = "<group>"; };
		DA4C64DF211DD54100ECAD21 /* LibraryState.swift */ = {isa = PBXFileReference; fileEncoding = 4; lastKnownFileType = sourcecode.swift; path = LibraryState.swift; sourceTree = "<group>"; };
		DA4C64E1211DD54100ECAD21 /* LibraryReady.swift */ = {isa = PBXFileReference; fileEncoding = 4; lastKnownFileType = sourcecode.swift; path = LibraryReady.swift; sourceTree = "<group>"; };
		DA4C64E3211DD54100ECAD21 /* CacheService.swift */ = {isa = PBXFileReference; fileEncoding = 4; lastKnownFileType = sourcecode.swift; path = CacheService.swift; sourceTree = "<group>"; };
		DA4C64E4211DD54100ECAD21 /* CatbanError.swift */ = {isa = PBXFileReference; fileEncoding = 4; lastKnownFileType = sourcecode.swift; path = CatbanError.swift; sourceTree = "<group>"; };
		DA4C64E5211DD54100ECAD21 /* DatabaseService.swift */ = {isa = PBXFileReference; fileEncoding = 4; lastKnownFileType = sourcecode.swift; path = DatabaseService.swift; sourceTree = "<group>"; };
		DA4C64E6211DD54100ECAD21 /* Factory.swift */ = {isa = PBXFileReference; fileEncoding = 4; lastKnownFileType = sourcecode.swift; path = Factory.swift; sourceTree = "<group>"; };
		DA4C64E9211DD54100ECAD21 /* Board.swift */ = {isa = PBXFileReference; fileEncoding = 4; lastKnownFileType = sourcecode.swift; path = Board.swift; sourceTree = "<group>"; };
		DA4C64EA211DD54100ECAD21 /* Session.swift */ = {isa = PBXFileReference; fileEncoding = 4; lastKnownFileType = sourcecode.swift; path = Session.swift; sourceTree = "<group>"; };
		DA4C64EB211DD54100ECAD21 /* Card.swift */ = {isa = PBXFileReference; fileEncoding = 4; lastKnownFileType = sourcecode.swift; path = Card.swift; sourceTree = "<group>"; };
		DA4C64EC211DD54100ECAD21 /* Column.swift */ = {isa = PBXFileReference; fileEncoding = 4; lastKnownFileType = sourcecode.swift; path = Column.swift; sourceTree = "<group>"; };
		DA4C64ED211DD54100ECAD21 /* TextProtocol.swift */ = {isa = PBXFileReference; fileEncoding = 4; lastKnownFileType = sourcecode.swift; path = TextProtocol.swift; sourceTree = "<group>"; };
		DA4C64FF211DD54900ECAD21 /* TestFactory.swift */ = {isa = PBXFileReference; fileEncoding = 4; lastKnownFileType = sourcecode.swift; path = TestFactory.swift; sourceTree = "<group>"; };
		DA4C6500211DD54900ECAD21 /* MockLibraryDelegate.swift */ = {isa = PBXFileReference; fileEncoding = 4; lastKnownFileType = sourcecode.swift; path = MockLibraryDelegate.swift; sourceTree = "<group>"; };
		DA4C6501211DD54900ECAD21 /* MockDatabase.swift */ = {isa = PBXFileReference; fileEncoding = 4; lastKnownFileType = sourcecode.swift; path = MockDatabase.swift; sourceTree = "<group>"; };
		DA4C6502211DD54900ECAD21 /* MockCache.swift */ = {isa = PBXFileReference; fileEncoding = 4; lastKnownFileType = sourcecode.swift; path = MockCache.swift; sourceTree = "<group>"; };
		DA4C6503211DD54900ECAD21 /* TestLibrary_Default.swift */ = {isa = PBXFileReference; fileEncoding = 4; lastKnownFileType = sourcecode.swift; path = TestLibrary_Default.swift; sourceTree = "<group>"; };
		DA4C650B211DD57A00ECAD21 /* en */ = {isa = PBXFileReference; lastKnownFileType = text.plist.strings; name = en; path = en.lproj/Localizable.strings; sourceTree = "<group>"; };
		DA4C650D211DD57A00ECAD21 /* en */ = {isa = PBXFileReference; lastKnownFileType = text.plist.strings; name = en; path = en.lproj/InfoPlist.strings; sourceTree = "<group>"; };
		DA4C6511211DD57A00ECAD21 /* assets.xcassets */ = {isa = PBXFileReference; lastKnownFileType = folder.assetcatalog; path = assets.xcassets; sourceTree = "<group>"; };
		DA4C6512211DD57A00ECAD21 /* brand.xcassets */ = {isa = PBXFileReference; lastKnownFileType = folder.assetcatalog; path = brand.xcassets; sourceTree = "<group>"; };
		DA4C651C211DD58A00ECAD21 /* DeletePresenter.swift */ = {isa = PBXFileReference; fileEncoding = 4; lastKnownFileType = sourcecode.swift; path = DeletePresenter.swift; sourceTree = "<group>"; };
		DA4C651F211DD58A00ECAD21 /* DeleteView.swift */ = {isa = PBXFileReference; fileEncoding = 4; lastKnownFileType = sourcecode.swift; path = DeleteView.swift; sourceTree = "<group>"; };
		DA4C6522211DD58A00ECAD21 /* BoardView.swift */ = {isa = PBXFileReference; fileEncoding = 4; lastKnownFileType = sourcecode.swift; path = BoardView.swift; sourceTree = "<group>"; };
		DA4C6523211DD58A00ECAD21 /* BoardDrawer.swift */ = {isa = PBXFileReference; fileEncoding = 4; lastKnownFileType = sourcecode.swift; path = BoardDrawer.swift; sourceTree = "<group>"; };
		DA4C6524211DD58A00ECAD21 /* BoardItemView.swift */ = {isa = PBXFileReference; fileEncoding = 4; lastKnownFileType = sourcecode.swift; path = BoardItemView.swift; sourceTree = "<group>"; };
		DA4C6525211DD58A00ECAD21 /* BoardPresenter.swift */ = {isa = PBXFileReference; fileEncoding = 4; lastKnownFileType = sourcecode.swift; path = BoardPresenter.swift; sourceTree = "<group>"; };
		DA4C6526211DD58A00ECAD21 /* BoardTitle.swift */ = {isa = PBXFileReference; fileEncoding = 4; lastKnownFileType = sourcecode.swift; path = BoardTitle.swift; sourceTree = "<group>"; };
		DA4C6527211DD58A00ECAD21 /* BoardInteractor.swift */ = {isa = PBXFileReference; fileEncoding = 4; lastKnownFileType = sourcecode.swift; path = BoardInteractor.swift; sourceTree = "<group>"; };
		DA4C6528211DD58A00ECAD21 /* BoardLayouter.swift */ = {isa = PBXFileReference; fileEncoding = 4; lastKnownFileType = sourcecode.swift; path = BoardLayouter.swift; sourceTree = "<group>"; };
		DA4C652A211DD58A00ECAD21 /* LibraryItems.swift */ = {isa = PBXFileReference; fileEncoding = 4; lastKnownFileType = sourcecode.swift; path = LibraryItems.swift; sourceTree = "<group>"; };
		DA4C652B211DD58A00ECAD21 /* LibraryView.swift */ = {isa = PBXFileReference; fileEncoding = 4; lastKnownFileType = sourcecode.swift; path = LibraryView.swift; sourceTree = "<group>"; };
		DA4C652C211DD58A00ECAD21 /* LibraryItem.swift */ = {isa = PBXFileReference; fileEncoding = 4; lastKnownFileType = sourcecode.swift; path = LibraryItem.swift; sourceTree = "<group>"; };
		DA4C652D211DD58A00ECAD21 /* LibraryCellView.swift */ = {isa = PBXFileReference; fileEncoding = 4; lastKnownFileType = sourcecode.swift; path = LibraryCellView.swift; sourceTree = "<group>"; };
		DA4C652E211DD58A00ECAD21 /* LibraryInteractor.swift */ = {isa = PBXFileReference; fileEncoding = 4; lastKnownFileType = sourcecode.swift; path = LibraryInteractor.swift; sourceTree = "<group>"; };
		DA4C652F211DD58A00ECAD21 /* LibraryPresenter.swift */ = {isa = PBXFileReference; fileEncoding = 4; lastKnownFileType = sourcecode.swift; path = LibraryPresenter.swift; sourceTree = "<group>"; };
		DA4C6532211DD58A00ECAD21 /* Router.swift */ = {isa = PBXFileReference; fileEncoding = 4; lastKnownFileType = sourcecode.swift; path = Router.swift; sourceTree = "<group>"; };
		DA4C6534211DD58A00ECAD21 /* Application.swift */ = {isa = PBXFileReference; fileEncoding = 4; lastKnownFileType = sourcecode.swift; path = Application.swift; sourceTree = "<group>"; };
		DA4C6536211DD58A00ECAD21 /* LoadingView.swift */ = {isa = PBXFileReference; fileEncoding = 4; lastKnownFileType = sourcecode.swift; path = LoadingView.swift; sourceTree = "<group>"; };
		DA4C653C211DD58A00ECAD21 /* EditPresenter.swift */ = {isa = PBXFileReference; fileEncoding = 4; lastKnownFileType = sourcecode.swift; path = EditPresenter.swift; sourceTree = "<group>"; };
		DA4C6541211DD58A00ECAD21 /* EditView.swift */ = {isa = PBXFileReference; fileEncoding = 4; lastKnownFileType = sourcecode.swift; path = EditView.swift; sourceTree = "<group>"; };
		DA4C6544211DD58A00ECAD21 /* Database.swift */ = {isa = PBXFileReference; fileEncoding = 4; lastKnownFileType = sourcecode.swift; path = Database.swift; sourceTree = "<group>"; };
		DA4C6545211DD58A00ECAD21 /* Cache.swift */ = {isa = PBXFileReference; fileEncoding = 4; lastKnownFileType = sourcecode.swift; path = Cache.swift; sourceTree = "<group>"; };
		DA4C6547211DD58A00ECAD21 /* SharePresenter.swift */ = {isa = PBXFileReference; fileEncoding = 4; lastKnownFileType = sourcecode.swift; path = SharePresenter.swift; sourceTree = "<group>"; };
		DA4C6548211DD58A00ECAD21 /* ShareView.swift */ = {isa = PBXFileReference; fileEncoding = 4; lastKnownFileType = sourcecode.swift; path = ShareView.swift; sourceTree = "<group>"; };
		DA4C6549211DD58A00ECAD21 /* ShareViewModel.swift */ = {isa = PBXFileReference; fileEncoding = 4; lastKnownFileType = sourcecode.swift; path = ShareViewModel.swift; sourceTree = "<group>"; };
		DA55AF202122C5A600B50D9C /* BoardStackView.swift */ = {isa = PBXFileReference; lastKnownFileType = sourcecode.swift; path = BoardStackView.swift; sourceTree = "<group>"; };
		DA69DCF3212828E400FE7C90 /* SettingsInteractor.swift */ = {isa = PBXFileReference; lastKnownFileType = sourcecode.swift; path = SettingsInteractor.swift; sourceTree = "<group>"; };
		DA69DCF521282AF900FE7C90 /* SettingsPresenter.swift */ = {isa = PBXFileReference; lastKnownFileType = sourcecode.swift; path = SettingsPresenter.swift; sourceTree = "<group>"; };
		DA69DCF721282B1A00FE7C90 /* SettingsView.swift */ = {isa = PBXFileReference; lastKnownFileType = sourcecode.swift; path = SettingsView.swift; sourceTree = "<group>"; };
		DA6C362B2138194F0009583A /* Today.appex */ = {isa = PBXFileReference; explicitFileType = "wrapper.app-extension"; includeInIndex = 0; path = Today.appex; sourceTree = BUILT_PRODUCTS_DIR; };
		DA6C362C2138194F0009583A /* NotificationCenter.framework */ = {isa = PBXFileReference; lastKnownFileType = wrapper.framework; name = NotificationCenter.framework; path = System/Library/Frameworks/NotificationCenter.framework; sourceTree = SDKROOT; };
		DA6C363C21381AEC0009583A /* today.plist */ = {isa = PBXFileReference; fileEncoding = 4; lastKnownFileType = text.plist.xml; path = today.plist; sourceTree = "<group>"; };
		DA6C363E21381AF80009583A /* TodayView.swift */ = {isa = PBXFileReference; fileEncoding = 4; lastKnownFileType = sourcecode.swift; path = TodayView.swift; sourceTree = "<group>"; };
		DA6C3640213824C50009583A /* TodayCellView.swift */ = {isa = PBXFileReference; lastKnownFileType = sourcecode.swift; path = TodayCellView.swift; sourceTree = "<group>"; };
		DA6C36432138316C0009583A /* Application.entitlements */ = {isa = PBXFileReference; lastKnownFileType = text.plist.entitlements; path = Application.entitlements; sourceTree = "<group>"; };
		DA6C3644213834280009583A /* Today.entitlements */ = {isa = PBXFileReference; lastKnownFileType = text.plist.entitlements; path = Today.entitlements; sourceTree = "<group>"; };
		DA741D92213924C6002555E4 /* Today.swift */ = {isa = PBXFileReference; lastKnownFileType = sourcecode.swift; path = Today.swift; sourceTree = "<group>"; };
		DA759E1F2126AB8B00E92FD9 /* InfoPresenter.swift */ = {isa = PBXFileReference; lastKnownFileType = sourcecode.swift; path = InfoPresenter.swift; sourceTree = "<group>"; };
		DA759E212126AB9C00E92FD9 /* InfoView.swift */ = {isa = PBXFileReference; lastKnownFileType = sourcecode.swift; path = InfoView.swift; sourceTree = "<group>"; };
		DA817F7D2121640700732944 /* Report.swift */ = {isa = PBXFileReference; lastKnownFileType = sourcecode.swift; path = Report.swift; sourceTree = "<group>"; };
		DA817F7F2121646600732944 /* ReportStats.swift */ = {isa = PBXFileReference; lastKnownFileType = sourcecode.swift; path = ReportStats.swift; sourceTree = "<group>"; };
		DA817F81212165E000732944 /* TestReport.swift */ = {isa = PBXFileReference; lastKnownFileType = sourcecode.swift; path = TestReport.swift; sourceTree = "<group>"; };
		DA8D12922131579D0019B2C2 /* InfoBoard.md */ = {isa = PBXFileReference; fileEncoding = 4; lastKnownFileType = net.daringfireball.markdown; path = InfoBoard.md; sourceTree = "<group>"; xcLanguageSpecificationIdentifier = "<none>"; };
		DA8D12932131579E0019B2C2 /* InfoCard.md */ = {isa = PBXFileReference; fileEncoding = 4; lastKnownFileType = net.daringfireball.markdown; path = InfoCard.md; sourceTree = "<group>"; xcLanguageSpecificationIdentifier = "<none>"; };
		DA8D1296213161800019B2C2 /* Alert.swift */ = {isa = PBXFileReference; lastKnownFileType = sourcecode.swift; path = Alert.swift; sourceTree = "<group>"; };
		DAAED63F213AB7220031D8B9 /* LibraryStrategy.swift */ = {isa = PBXFileReference; lastKnownFileType = sourcecode.swift; path = LibraryStrategy.swift; sourceTree = "<group>"; };
		DABD57CA211ED98900C72A7F /* TestColumn.swift */ = {isa = PBXFileReference; lastKnownFileType = sourcecode.swift; path = TestColumn.swift; sourceTree = "<group>"; };
		DABD57CC211EDA8700C72A7F /* TestBoard.swift */ = {isa = PBXFileReference; lastKnownFileType = sourcecode.swift; path = TestBoard.swift; sourceTree = "<group>"; };
		DABD57CE211EF0AE00C72A7F /* TestSession.swift */ = {isa = PBXFileReference; lastKnownFileType = sourcecode.swift; path = TestSession.swift; sourceTree = "<group>"; };
		DAC3670C21342A05009DD113 /* EditText.swift */ = {isa = PBXFileReference; lastKnownFileType = sourcecode.swift; path = EditText.swift; sourceTree = "<group>"; };
		DAC3670E2134316F009DD113 /* EditDelete.swift */ = {isa = PBXFileReference; lastKnownFileType = sourcecode.swift; path = EditDelete.swift; sourceTree = "<group>"; };
		E1A186EED2CF0D527F6E84AD /* Pods-Application.release.xcconfig */ = {isa = PBXFileReference; includeInIndex = 1; lastKnownFileType = text.xcconfig; name = "Pods-Application.release.xcconfig"; path = "Pods/Target Support Files/Pods-Application/Pods-Application.release.xcconfig"; sourceTree = "<group>"; };
		EF2AD30BA7F2E2A002D78D36 /* Pods-Application.debug.xcconfig */ = {isa = PBXFileReference; includeInIndex = 1; lastKnownFileType = text.xcconfig; name = "Pods-Application.debug.xcconfig"; path = "Pods/Target Support Files/Pods-Application/Pods-Application.debug.xcconfig"; sourceTree = "<group>"; };
/* End PBXFileReference section */

/* Begin PBXFrameworksBuildPhase section */
		DA145023211DD1F700D1BD9E /* Frameworks */ = {
			isa = PBXFrameworksBuildPhase;
			buildActionMask = 2147483647;
			files = (
			);
			runOnlyForDeploymentPostprocessing = 0;
		};
		DA145031211DD23100D1BD9E /* Frameworks */ = {
			isa = PBXFrameworksBuildPhase;
			buildActionMask = 2147483647;
			files = (
				DA56EADB211DDA77000A333A /* libCatban.a in Frameworks */,
			);
			runOnlyForDeploymentPostprocessing = 0;
		};
		DA14503F211DD27A00D1BD9E /* Frameworks */ = {
			isa = PBXFrameworksBuildPhase;
			buildActionMask = 2147483647;
			files = (
				DA2E4B3D211DD97400861576 /* libCatban.a in Frameworks */,
				2A8F15B97B8245C5B2232546 /* libPods-Application.a in Frameworks */,
			);
			runOnlyForDeploymentPostprocessing = 0;
		};
		DA6C36282138194F0009583A /* Frameworks */ = {
			isa = PBXFrameworksBuildPhase;
			buildActionMask = 2147483647;
			files = (
				DA6C362D2138194F0009583A /* NotificationCenter.framework in Frameworks */,
			);
			runOnlyForDeploymentPostprocessing = 0;
		};
/* End PBXFrameworksBuildPhase section */

/* Begin PBXGroup section */
		8B65E65B103781A85F381C5A /* Frameworks */ = {
			isa = PBXGroup;
			children = (
				D33FDA03AE178C194CD7098A /* libPods-Catban.a */,
				3EDC74E69924C4AE255DEAE3 /* libPods-Application.a */,
				DA6C362C2138194F0009583A /* NotificationCenter.framework */,
			);
			name = Frameworks;
			sourceTree = "<group>";
		};
		AC95CFA14D508AB0D223134C /* Pods */ = {
			isa = PBXGroup;
			children = (
				EF2AD30BA7F2E2A002D78D36 /* Pods-Application.debug.xcconfig */,
				E1A186EED2CF0D527F6E84AD /* Pods-Application.release.xcconfig */,
			);
			name = Pods;
			sourceTree = "<group>";
		};
		DA14501D211DD1F700D1BD9E = {
			isa = PBXGroup;
			children = (
				DA4C64DA211DD54100ECAD21 /* Source */,
				DA4C64FE211DD54900ECAD21 /* Tests */,
				DA4C6519211DD58A00ECAD21 /* Application */,
				DA6C362E2138194F0009583A /* Today */,
				DA4C6509211DD57A00ECAD21 /* Resources */,
				DA4C64D5211DD4E400ECAD21 /* Configuration */,
				AC95CFA14D508AB0D223134C /* Pods */,
				8B65E65B103781A85F381C5A /* Frameworks */,
				DA4C64D1211DD40300ECAD21 /* libCatban.a */,
				DA4C64D2211DD40300ECAD21 /* Tests.xctest */,
				DA4C64D3211DD40300ECAD21 /* Application.app */,
				DA6C362B2138194F0009583A /* Today.appex */,
			);
			sourceTree = "<group>";
		};
		DA4C64D5211DD4E400ECAD21 /* Configuration */ = {
			isa = PBXGroup;
			children = (
				DA6C363C21381AEC0009583A /* today.plist */,
				DA4C64D6211DD4E400ECAD21 /* tests.plist */,
				DA4C64D7211DD4E400ECAD21 /* application.plist */,
				DA4C64D8211DD4E400ECAD21 /* GoogleService-Info.plist */,
			);
			path = Configuration;
			sourceTree = "<group>";
		};
		DA4C64DA211DD54100ECAD21 /* Source */ = {
			isa = PBXGroup;
			children = (
				DA817F7A212163DF00732944 /* Report */,
				DA4C64DB211DD54100ECAD21 /* Library */,
				DA4C64E8211DD54100ECAD21 /* Entities */,
				DA4C64E2211DD54100ECAD21 /* Shared */,
			);
			path = Source;
			sourceTree = "<group>";
		};
		DA4C64DB211DD54100ECAD21 /* Library */ = {
			isa = PBXGroup;
			children = (
				DA4C64DC211DD54100ECAD21 /* Library.swift */,
				DA4C64DE211DD54100ECAD21 /* LibraryDelegate.swift */,
				DA4C64DF211DD54100ECAD21 /* LibraryState.swift */,
				DA4C64DD211DD54100ECAD21 /* LibraryDefault.swift */,
				DA4C64E1211DD54100ECAD21 /* LibraryReady.swift */,
			);
			path = Library;
			sourceTree = "<group>";
		};
		DA4C64E2211DD54100ECAD21 /* Shared */ = {
			isa = PBXGroup;
			children = (
				DA4C64E4211DD54100ECAD21 /* CatbanError.swift */,
				DA4C64E3211DD54100ECAD21 /* CacheService.swift */,
				DA4C64E5211DD54100ECAD21 /* DatabaseService.swift */,
				DA4C64E6211DD54100ECAD21 /* Factory.swift */,
			);
			path = Shared;
			sourceTree = "<group>";
		};
		DA4C64E8211DD54100ECAD21 /* Entities */ = {
			isa = PBXGroup;
			children = (
				DA4C64ED211DD54100ECAD21 /* TextProtocol.swift */,
				DA4C64EA211DD54100ECAD21 /* Session.swift */,
				DA4C64E9211DD54100ECAD21 /* Board.swift */,
				DA4C64EC211DD54100ECAD21 /* Column.swift */,
				DA4C64EB211DD54100ECAD21 /* Card.swift */,
			);
			path = Entities;
			sourceTree = "<group>";
		};
		DA4C64FE211DD54900ECAD21 /* Tests */ = {
			isa = PBXGroup;
			children = (
				DA4C64FF211DD54900ECAD21 /* TestFactory.swift */,
				DA817F81212165E000732944 /* TestReport.swift */,
				DA4C6503211DD54900ECAD21 /* TestLibrary_Default.swift */,
				DA1602FA2132AD2C004F6D44 /* TestLibrary_Ready.swift */,
				DA3E97F6212AA97300240F8E /* TestLibrary_Boards.swift */,
				DA3E97F8212AA9F000240F8E /* TestLibrary_Properties.swift */,
				DABD57CC211EDA8700C72A7F /* TestBoard.swift */,
				DABD57CA211ED98900C72A7F /* TestColumn.swift */,
				DABD57CE211EF0AE00C72A7F /* TestSession.swift */,
				DA4C6500211DD54900ECAD21 /* MockLibraryDelegate.swift */,
				DA4C6501211DD54900ECAD21 /* MockDatabase.swift */,
				DA4C6502211DD54900ECAD21 /* MockCache.swift */,
			);
			path = Tests;
			sourceTree = "<group>";
		};
		DA4C6509211DD57A00ECAD21 /* Resources */ = {
			isa = PBXGroup;
			children = (
				DA8D12922131579D0019B2C2 /* InfoBoard.md */,
				DA8D12932131579E0019B2C2 /* InfoCard.md */,
				DA4C6511211DD57A00ECAD21 /* assets.xcassets */,
				DA4C6512211DD57A00ECAD21 /* brand.xcassets */,
				DA4C650A211DD57A00ECAD21 /* Localizable.strings */,
				DA4C650C211DD57A00ECAD21 /* InfoPlist.strings */,
				DA2FB7D321206172001C758E /* LaunchScreen.storyboard */,
			);
			path = Resources;
			sourceTree = "<group>";
		};
		DA4C6519211DD58A00ECAD21 /* Application */ = {
			isa = PBXGroup;
			children = (
				DA6C36432138316C0009583A /* Application.entitlements */,
				DA4C6530211DD58A00ECAD21 /* Shared */,
				DA4C6529211DD58A00ECAD21 /* Library */,
				DA4C6521211DD58A00ECAD21 /* Board */,
				DA69DCF2212828AD00FE7C90 /* Settings */,
				DA759E1E2126AB7700E92FD9 /* Info */,
				DA4C651A211DD58A00ECAD21 /* Delete */,
				DA4C653B211DD58A00ECAD21 /* Edit */,
				DA4C6546211DD58A00ECAD21 /* Share */,
				DA6C3646213834960009583A /* Today */,
				DA4C6542211DD58A00ECAD21 /* Services */,
			);
			path = Application;
			sourceTree = "<group>";
		};
		DA4C651A211DD58A00ECAD21 /* Delete */ = {
			isa = PBXGroup;
			children = (
				DA4C651C211DD58A00ECAD21 /* DeletePresenter.swift */,
				DA4C651F211DD58A00ECAD21 /* DeleteView.swift */,
			);
			path = Delete;
			sourceTree = "<group>";
		};
		DA4C6521211DD58A00ECAD21 /* Board */ = {
			isa = PBXGroup;
			children = (
				DA4C6527211DD58A00ECAD21 /* BoardInteractor.swift */,
				DA4C6525211DD58A00ECAD21 /* BoardPresenter.swift */,
				DA4C6526211DD58A00ECAD21 /* BoardTitle.swift */,
				DA32C2512121DC5A0018BBC3 /* BoardProgress.swift */,
				DA4C6522211DD58A00ECAD21 /* BoardView.swift */,
				DA4C6524211DD58A00ECAD21 /* BoardItemView.swift */,
				DA2FB7CD212032E3001C758E /* BoardHeaderView.swift */,
				DA2FB7CF2120356C001C758E /* BoardCardView.swift */,
				DA2FB7D121203BDF001C758E /* BoardButtonView.swift */,
				DA55AF202122C5A600B50D9C /* BoardStackView.swift */,
				DA4C6523211DD58A00ECAD21 /* BoardDrawer.swift */,
				DA4C6528211DD58A00ECAD21 /* BoardLayouter.swift */,
				DA4BE7E82129945800A54E65 /* BoardState.swift */,
				DA4BE7EA2129948700A54E65 /* BoardStateDefault.swift */,
				DA4BE7EC2129949000A54E65 /* BoardStateSearch.swift */,
			);
			path = Board;
			sourceTree = "<group>";
		};
		DA4C6529211DD58A00ECAD21 /* Library */ = {
			isa = PBXGroup;
			children = (
				DA4C652E211DD58A00ECAD21 /* LibraryInteractor.swift */,
				DA4C652F211DD58A00ECAD21 /* LibraryPresenter.swift */,
				DA4C652A211DD58A00ECAD21 /* LibraryItems.swift */,
				DA4C652C211DD58A00ECAD21 /* LibraryItem.swift */,
				DA4C652B211DD58A00ECAD21 /* LibraryView.swift */,
				DA4C652D211DD58A00ECAD21 /* LibraryCellView.swift */,
				DAAED63F213AB7220031D8B9 /* LibraryStrategy.swift */,
			);
			path = Library;
			sourceTree = "<group>";
		};
		DA4C6530211DD58A00ECAD21 /* Shared */ = {
			isa = PBXGroup;
			children = (
				DA4C6534211DD58A00ECAD21 /* Application.swift */,
				DA4C6532211DD58A00ECAD21 /* Router.swift */,
				DA4C6536211DD58A00ECAD21 /* LoadingView.swift */,
				DA8D1296213161800019B2C2 /* Alert.swift */,
				DA28AED621353C250030AE9E /* PopupView.swift */,
			);
			path = Shared;
			sourceTree = "<group>";
		};
		DA4C653B211DD58A00ECAD21 /* Edit */ = {
			isa = PBXGroup;
			children = (
				DA4C653C211DD58A00ECAD21 /* EditPresenter.swift */,
				DA4C6541211DD58A00ECAD21 /* EditView.swift */,
				DAC3670C21342A05009DD113 /* EditText.swift */,
				DAC3670E2134316F009DD113 /* EditDelete.swift */,
			);
			path = Edit;
			sourceTree = "<group>";
		};
		DA4C6542211DD58A00ECAD21 /* Services */ = {
			isa = PBXGroup;
			children = (
				DA4C6544211DD58A00ECAD21 /* Database.swift */,
				DA4C6545211DD58A00ECAD21 /* Cache.swift */,
			);
			path = Services;
			sourceTree = "<group>";
		};
		DA4C6546211DD58A00ECAD21 /* Share */ = {
			isa = PBXGroup;
			children = (
				DA4C6547211DD58A00ECAD21 /* SharePresenter.swift */,
				DA4C6549211DD58A00ECAD21 /* ShareViewModel.swift */,
				DA4C6548211DD58A00ECAD21 /* ShareView.swift */,
			);
			path = Share;
			sourceTree = "<group>";
		};
		DA69DCF2212828AD00FE7C90 /* Settings */ = {
			isa = PBXGroup;
			children = (
				DA69DCF3212828E400FE7C90 /* SettingsInteractor.swift */,
				DA69DCF521282AF900FE7C90 /* SettingsPresenter.swift */,
				DA3E97FA212AACB400240F8E /* SettingsViewModel.swift */,
				DA69DCF721282B1A00FE7C90 /* SettingsView.swift */,
			);
			path = Settings;
			sourceTree = "<group>";
		};
		DA6C362E2138194F0009583A /* Today */ = {
			isa = PBXGroup;
			children = (
				DA6C3644213834280009583A /* Today.entitlements */,
				DA6C363E21381AF80009583A /* TodayView.swift */,
				DA6C3640213824C50009583A /* TodayCellView.swift */,
			);
			path = Today;
			sourceTree = "<group>";
		};
		DA6C3646213834960009583A /* Today */ = {
			isa = PBXGroup;
			children = (
				DA741D92213924C6002555E4 /* Today.swift */,
			);
			path = Today;
			sourceTree = "<group>";
		};
		DA759E1E2126AB7700E92FD9 /* Info */ = {
			isa = PBXGroup;
			children = (
				DA759E1F2126AB8B00E92FD9 /* InfoPresenter.swift */,
				DA254B002126D23C00D1E3C8 /* InfoViewModel.swift */,
				DA759E212126AB9C00E92FD9 /* InfoView.swift */,
			);
			path = Info;
			sourceTree = "<group>";
		};
		DA817F7A212163DF00732944 /* Report */ = {
			isa = PBXGroup;
			children = (
				DA817F7D2121640700732944 /* Report.swift */,
				DA817F7F2121646600732944 /* ReportStats.swift */,
			);
			path = Report;
			sourceTree = "<group>";
		};
/* End PBXGroup section */

/* Begin PBXNativeTarget section */
		DA145025211DD1F700D1BD9E /* Catban */ = {
			isa = PBXNativeTarget;
			buildConfigurationList = DA14502D211DD1F700D1BD9E /* Build configuration list for PBXNativeTarget "Catban" */;
			buildPhases = (
				DA145022211DD1F700D1BD9E /* Sources */,
				DA145023211DD1F700D1BD9E /* Frameworks */,
				DA145024211DD1F700D1BD9E /* CopyFiles */,
			);
			buildRules = (
			);
			dependencies = (
			);
			name = Catban;
			productName = Catban;
			productReference = DA4C64D1211DD40300ECAD21 /* libCatban.a */;
			productType = "com.apple.product-type.library.static";
		};
		DA145033211DD23100D1BD9E /* Tests */ = {
			isa = PBXNativeTarget;
			buildConfigurationList = DA14503B211DD23100D1BD9E /* Build configuration list for PBXNativeTarget "Tests" */;
			buildPhases = (
				DA145030211DD23100D1BD9E /* Sources */,
				DA145031211DD23100D1BD9E /* Frameworks */,
				DA145032211DD23100D1BD9E /* Resources */,
			);
			buildRules = (
			);
			dependencies = (
				DA14503A211DD23100D1BD9E /* PBXTargetDependency */,
			);
			name = Tests;
			productName = Tests;
			productReference = DA4C64D2211DD40300ECAD21 /* Tests.xctest */;
			productType = "com.apple.product-type.bundle.unit-test";
		};
		DA145041211DD27A00D1BD9E /* Application */ = {
			isa = PBXNativeTarget;
			buildConfigurationList = DA145051211DD27B00D1BD9E /* Build configuration list for PBXNativeTarget "Application" */;
			buildPhases = (
				694EF4162499BD69B927563C /* [CP] Check Pods Manifest.lock */,
				DA14503E211DD27A00D1BD9E /* Sources */,
				DA14503F211DD27A00D1BD9E /* Frameworks */,
				DA145040211DD27A00D1BD9E /* Resources */,
				8B2B1BDA92ED65658D057475 /* [CP] Copy Pods Resources */,
				DA6C363B2138194F0009583A /* Embed App Extensions */,
			);
			buildRules = (
			);
			dependencies = (
				DA6C36362138194F0009583A /* PBXTargetDependency */,
			);
			name = Application;
			productName = Application;
			productReference = DA4C64D3211DD40300ECAD21 /* Application.app */;
			productType = "com.apple.product-type.application";
		};
		DA6C362A2138194F0009583A /* Today */ = {
			isa = PBXNativeTarget;
			buildConfigurationList = DA6C363A2138194F0009583A /* Build configuration list for PBXNativeTarget "Today" */;
			buildPhases = (
				DA6C36272138194F0009583A /* Sources */,
				DA6C36282138194F0009583A /* Frameworks */,
				DA6C36292138194F0009583A /* Resources */,
			);
			buildRules = (
			);
			dependencies = (
			);
			name = Today;
			productName = Today;
			productReference = DA6C362B2138194F0009583A /* Today.appex */;
			productType = "com.apple.product-type.app-extension";
		};
/* End PBXNativeTarget section */

/* Begin PBXProject section */
		DA14501E211DD1F700D1BD9E /* Project object */ = {
			isa = PBXProject;
			attributes = {
				LastSwiftUpdateCheck = 1000;
				LastUpgradeCheck = 1000;
				ORGANIZATIONNAME = iturbide;
				TargetAttributes = {
					DA145025211DD1F700D1BD9E = {
						CreatedOnToolsVersion = 10.0;
					};
					DA145033211DD23100D1BD9E = {
						CreatedOnToolsVersion = 10.0;
					};
					DA145041211DD27A00D1BD9E = {
						CreatedOnToolsVersion = 10.0;
						SystemCapabilities = {
							com.apple.ApplicationGroups.iOS = {
								enabled = 1;
							};
						};
					};
					DA6C362A2138194F0009583A = {
						CreatedOnToolsVersion = 10.0;
						LastSwiftMigration = 1000;
						SystemCapabilities = {
							com.apple.ApplicationGroups.iOS = {
								enabled = 1;
							};
						};
					};
				};
			};
			buildConfigurationList = DA145021211DD1F700D1BD9E /* Build configuration list for PBXProject "Catban" */;
			compatibilityVersion = "Xcode 9.3";
			developmentRegion = en;
			hasScannedForEncodings = 0;
			knownRegions = (
				en,
				Base,
			);
			mainGroup = DA14501D211DD1F700D1BD9E;
			productRefGroup = DA14501D211DD1F700D1BD9E;
			projectDirPath = "";
			projectRoot = "";
			targets = (
				DA145025211DD1F700D1BD9E /* Catban */,
				DA145033211DD23100D1BD9E /* Tests */,
				DA145041211DD27A00D1BD9E /* Application */,
				DA6C362A2138194F0009583A /* Today */,
			);
		};
/* End PBXProject section */

/* Begin PBXResourcesBuildPhase section */
		DA145032211DD23100D1BD9E /* Resources */ = {
			isa = PBXResourcesBuildPhase;
			buildActionMask = 2147483647;
			files = (
			);
			runOnlyForDeploymentPostprocessing = 0;
		};
		DA145040211DD27A00D1BD9E /* Resources */ = {
			isa = PBXResourcesBuildPhase;
			buildActionMask = 2147483647;
			files = (
				DA8D12952131579E0019B2C2 /* InfoCard.md in Resources */,
				DA4C6518211DD57A00ECAD21 /* brand.xcassets in Resources */,
				DA4C64D9211DD4F900ECAD21 /* GoogleService-Info.plist in Resources */,
				DA8D12942131579E0019B2C2 /* InfoBoard.md in Resources */,
				DA4C6514211DD57A00ECAD21 /* InfoPlist.strings in Resources */,
				DA2FB7D421206172001C758E /* LaunchScreen.storyboard in Resources */,
				DA4C6517211DD57A00ECAD21 /* assets.xcassets in Resources */,
				DA4C6513211DD57A00ECAD21 /* Localizable.strings in Resources */,
			);
			runOnlyForDeploymentPostprocessing = 0;
		};
		DA6C36292138194F0009583A /* Resources */ = {
			isa = PBXResourcesBuildPhase;
			buildActionMask = 2147483647;
			files = (
			);
			runOnlyForDeploymentPostprocessing = 0;
		};
/* End PBXResourcesBuildPhase section */

/* Begin PBXShellScriptBuildPhase section */
		694EF4162499BD69B927563C /* [CP] Check Pods Manifest.lock */ = {
			isa = PBXShellScriptBuildPhase;
			buildActionMask = 2147483647;
			files = (
			);
			inputPaths = (
				"${PODS_PODFILE_DIR_PATH}/Podfile.lock",
				"${PODS_ROOT}/Manifest.lock",
			);
			name = "[CP] Check Pods Manifest.lock";
			outputPaths = (
				"$(DERIVED_FILE_DIR)/Pods-Application-checkManifestLockResult.txt",
			);
			runOnlyForDeploymentPostprocessing = 0;
			shellPath = /bin/sh;
			shellScript = "diff \"${PODS_PODFILE_DIR_PATH}/Podfile.lock\" \"${PODS_ROOT}/Manifest.lock\" > /dev/null\nif [ $? != 0 ] ; then\n    # print error to STDERR\n    echo \"error: The sandbox is not in sync with the Podfile.lock. Run 'pod install' or update your CocoaPods installation.\" >&2\n    exit 1\nfi\n# This output is used by Xcode 'outputs' to avoid re-running this script phase.\necho \"SUCCESS\" > \"${SCRIPT_OUTPUT_FILE_0}\"\n";
			showEnvVarsInLog = 0;
		};
		8B2B1BDA92ED65658D057475 /* [CP] Copy Pods Resources */ = {
			isa = PBXShellScriptBuildPhase;
			buildActionMask = 2147483647;
			files = (
			);
			inputPaths = (
				"${PODS_ROOT}/Target Support Files/Pods-Application/Pods-Application-resources.sh",
				"${PODS_CONFIGURATION_BUILD_DIR}/gRPC/gRPCCertificates.bundle",
			);
			name = "[CP] Copy Pods Resources";
			outputPaths = (
				"${TARGET_BUILD_DIR}/${UNLOCALIZED_RESOURCES_FOLDER_PATH}/gRPCCertificates.bundle",
			);
			runOnlyForDeploymentPostprocessing = 0;
			shellPath = /bin/sh;
			shellScript = "\"${PODS_ROOT}/Target Support Files/Pods-Application/Pods-Application-resources.sh\"\n";
			showEnvVarsInLog = 0;
		};
/* End PBXShellScriptBuildPhase section */

/* Begin PBXSourcesBuildPhase section */
		DA145022211DD1F700D1BD9E /* Sources */ = {
			isa = PBXSourcesBuildPhase;
			buildActionMask = 2147483647;
			files = (
				DA817F7E2121640700732944 /* Report.swift in Sources */,
				DA4C64F6211DD54100ECAD21 /* DatabaseService.swift in Sources */,
				DA4C64F0211DD54100ECAD21 /* LibraryDelegate.swift in Sources */,
				DA4C64F9211DD54100ECAD21 /* Board.swift in Sources */,
				DA4C64F1211DD54100ECAD21 /* LibraryState.swift in Sources */,
				DA4C64FD211DD54100ECAD21 /* TextProtocol.swift in Sources */,
				DA4C64EE211DD54100ECAD21 /* Library.swift in Sources */,
				DA4C64F7211DD54100ECAD21 /* Factory.swift in Sources */,
				DA4C64FA211DD54100ECAD21 /* Session.swift in Sources */,
				DA4C64EF211DD54100ECAD21 /* LibraryDefault.swift in Sources */,
				DA4C64FB211DD54100ECAD21 /* Card.swift in Sources */,
				DA4C64F4211DD54100ECAD21 /* CacheService.swift in Sources */,
				DA4C64FC211DD54100ECAD21 /* Column.swift in Sources */,
				DA4C64F5211DD54100ECAD21 /* CatbanError.swift in Sources */,
				DA817F802121646600732944 /* ReportStats.swift in Sources */,
				DA4C64F3211DD54100ECAD21 /* LibraryReady.swift in Sources */,
			);
			runOnlyForDeploymentPostprocessing = 0;
		};
		DA145030211DD23100D1BD9E /* Sources */ = {
			isa = PBXSourcesBuildPhase;
			buildActionMask = 2147483647;
			files = (
				DABD57CF211EF0AE00C72A7F /* TestSession.swift in Sources */,
				DA4C6507211DD54A00ECAD21 /* MockCache.swift in Sources */,
				DA817F82212165E000732944 /* TestReport.swift in Sources */,
				DABD57CD211EDA8700C72A7F /* TestBoard.swift in Sources */,
				DA4C6508211DD54A00ECAD21 /* TestLibrary_Default.swift in Sources */,
				DA4C6505211DD54A00ECAD21 /* MockLibraryDelegate.swift in Sources */,
				DA3E97F7212AA97300240F8E /* TestLibrary_Boards.swift in Sources */,
				DA1602FB2132AD2C004F6D44 /* TestLibrary_Ready.swift in Sources */,
				DABD57CB211ED98900C72A7F /* TestColumn.swift in Sources */,
				DA4C6506211DD54A00ECAD21 /* MockDatabase.swift in Sources */,
				DA3E97F9212AA9F000240F8E /* TestLibrary_Properties.swift in Sources */,
				DA4C6504211DD54A00ECAD21 /* TestFactory.swift in Sources */,
			);
			runOnlyForDeploymentPostprocessing = 0;
		};
		DA14503E211DD27A00D1BD9E /* Sources */ = {
			isa = PBXSourcesBuildPhase;
			buildActionMask = 2147483647;
			files = (
				DA4C655B211DD58A00ECAD21 /* LibraryInteractor.swift in Sources */,
				DAAED640213AB7220031D8B9 /* LibraryStrategy.swift in Sources */,
				DA4C6557211DD58A00ECAD21 /* LibraryItems.swift in Sources */,
				DA4C6556211DD58A00ECAD21 /* BoardLayouter.swift in Sources */,
				DA4C656E211DD58A00ECAD21 /* Cache.swift in Sources */,
				DA2FB7CE212032E3001C758E /* BoardHeaderView.swift in Sources */,
				DA4C656D211DD58A00ECAD21 /* Database.swift in Sources */,
				DA4C6550211DD58A00ECAD21 /* BoardView.swift in Sources */,
				DA4C6570211DD58A00ECAD21 /* ShareView.swift in Sources */,
				DA69DCF621282AF900FE7C90 /* SettingsPresenter.swift in Sources */,
				DA4C6553211DD58A00ECAD21 /* BoardPresenter.swift in Sources */,
				DA4C6551211DD58A00ECAD21 /* BoardDrawer.swift in Sources */,
				DA69DCF821282B1A00FE7C90 /* SettingsView.swift in Sources */,
				DA759E222126AB9C00E92FD9 /* InfoView.swift in Sources */,
				DA4C6559211DD58A00ECAD21 /* LibraryItem.swift in Sources */,
				DA4C656F211DD58A00ECAD21 /* SharePresenter.swift in Sources */,
				DA4C6555211DD58A00ECAD21 /* BoardInteractor.swift in Sources */,
				DA4C655A211DD58A00ECAD21 /* LibraryCellView.swift in Sources */,
				DA4C655E211DD58A00ECAD21 /* Router.swift in Sources */,
				DAC3670F2134316F009DD113 /* EditDelete.swift in Sources */,
				DAC3670D21342A05009DD113 /* EditText.swift in Sources */,
				DA55AF212122C5A600B50D9C /* BoardStackView.swift in Sources */,
				DA2FB7D02120356C001C758E /* BoardCardView.swift in Sources */,
				DA4C656B211DD58A00ECAD21 /* EditView.swift in Sources */,
				DA4C6560211DD58A00ECAD21 /* Application.swift in Sources */,
				DA4C6552211DD58A00ECAD21 /* BoardItemView.swift in Sources */,
				DA32C2522121DC5A0018BBC3 /* BoardProgress.swift in Sources */,
				DA4C654E211DD58A00ECAD21 /* DeleteView.swift in Sources */,
				DA4C6562211DD58A00ECAD21 /* LoadingView.swift in Sources */,
				DA759E202126AB8B00E92FD9 /* InfoPresenter.swift in Sources */,
				DA8D1297213161800019B2C2 /* Alert.swift in Sources */,
				DA741D93213924C6002555E4 /* Today.swift in Sources */,
				DA3E97FB212AACB400240F8E /* SettingsViewModel.swift in Sources */,
				DA2FB7D221203BDF001C758E /* BoardButtonView.swift in Sources */,
				DA4C6554211DD58A00ECAD21 /* BoardTitle.swift in Sources */,
				DA28AED721353C250030AE9E /* PopupView.swift in Sources */,
				DA254B012126D23C00D1E3C8 /* InfoViewModel.swift in Sources */,
				DA4C655C211DD58A00ECAD21 /* LibraryPresenter.swift in Sources */,
				DA4BE7ED2129949000A54E65 /* BoardStateSearch.swift in Sources */,
				DA4C6558211DD58A00ECAD21 /* LibraryView.swift in Sources */,
				DA4C6566211DD58A00ECAD21 /* EditPresenter.swift in Sources */,
				DA4C6571211DD58A00ECAD21 /* ShareViewModel.swift in Sources */,
				DA4C654B211DD58A00ECAD21 /* DeletePresenter.swift in Sources */,
				DA4BE7EB2129948700A54E65 /* BoardStateDefault.swift in Sources */,
				DA4BE7E92129945800A54E65 /* BoardState.swift in Sources */,
				DA69DCF4212828E400FE7C90 /* SettingsInteractor.swift in Sources */,
			);
			runOnlyForDeploymentPostprocessing = 0;
		};
		DA6C36272138194F0009583A /* Sources */ = {
			isa = PBXSourcesBuildPhase;
			buildActionMask = 2147483647;
			files = (
				DA741D9521392945002555E4 /* LibraryItem.swift in Sources */,
				DA6C3641213824C50009583A /* TodayCellView.swift in Sources */,
				DA6C363F21381AF80009583A /* TodayView.swift in Sources */,
				DA741D94213924C6002555E4 /* Today.swift in Sources */,
			);
			runOnlyForDeploymentPostprocessing = 0;
		};
/* End PBXSourcesBuildPhase section */

/* Begin PBXTargetDependency section */
		DA14503A211DD23100D1BD9E /* PBXTargetDependency */ = {
			isa = PBXTargetDependency;
			target = DA145025211DD1F700D1BD9E /* Catban */;
			targetProxy = DA145039211DD23100D1BD9E /* PBXContainerItemProxy */;
		};
		DA6C36362138194F0009583A /* PBXTargetDependency */ = {
			isa = PBXTargetDependency;
			target = DA6C362A2138194F0009583A /* Today */;
			targetProxy = DA6C36352138194F0009583A /* PBXContainerItemProxy */;
		};
/* End PBXTargetDependency section */

/* Begin PBXVariantGroup section */
		DA4C650A211DD57A00ECAD21 /* Localizable.strings */ = {
			isa = PBXVariantGroup;
			children = (
				DA4C650B211DD57A00ECAD21 /* en */,
			);
			name = Localizable.strings;
			sourceTree = "<group>";
		};
		DA4C650C211DD57A00ECAD21 /* InfoPlist.strings */ = {
			isa = PBXVariantGroup;
			children = (
				DA4C650D211DD57A00ECAD21 /* en */,
			);
			name = InfoPlist.strings;
			sourceTree = "<group>";
		};
/* End PBXVariantGroup section */

/* Begin XCBuildConfiguration section */
		DA14502B211DD1F700D1BD9E /* Debug */ = {
			isa = XCBuildConfiguration;
			buildSettings = {
				ALWAYS_SEARCH_USER_PATHS = NO;
				CLANG_ANALYZER_NONNULL = YES;
				CLANG_ANALYZER_NUMBER_OBJECT_CONVERSION = YES_AGGRESSIVE;
				CLANG_CXX_LANGUAGE_STANDARD = "gnu++14";
				CLANG_CXX_LIBRARY = "libc++";
				CLANG_ENABLE_OBJC_ARC = YES;
				CLANG_ENABLE_OBJC_WEAK = YES;
				CLANG_WARN_BLOCK_CAPTURE_AUTORELEASING = YES;
				CLANG_WARN_BOOL_CONVERSION = YES;
				CLANG_WARN_COMMA = YES;
				CLANG_WARN_CONSTANT_CONVERSION = YES;
				CLANG_WARN_DEPRECATED_OBJC_IMPLEMENTATIONS = YES;
				CLANG_WARN_DIRECT_OBJC_ISA_USAGE = YES_ERROR;
				CLANG_WARN_DOCUMENTATION_COMMENTS = YES;
				CLANG_WARN_EMPTY_BODY = YES;
				CLANG_WARN_ENUM_CONVERSION = YES;
				CLANG_WARN_INFINITE_RECURSION = YES;
				CLANG_WARN_INT_CONVERSION = YES;
				CLANG_WARN_NON_LITERAL_NULL_CONVERSION = YES;
				CLANG_WARN_OBJC_IMPLICIT_RETAIN_SELF = YES;
				CLANG_WARN_OBJC_LITERAL_CONVERSION = YES;
				CLANG_WARN_OBJC_ROOT_CLASS = YES_ERROR;
				CLANG_WARN_RANGE_LOOP_ANALYSIS = YES;
				CLANG_WARN_STRICT_PROTOTYPES = YES;
				CLANG_WARN_SUSPICIOUS_MOVE = YES;
				CLANG_WARN_UNGUARDED_AVAILABILITY = YES_AGGRESSIVE;
				CLANG_WARN_UNREACHABLE_CODE = YES;
				CLANG_WARN__DUPLICATE_METHOD_MATCH = YES;
				CODE_SIGN_IDENTITY = "iPhone Developer";
				COPY_PHASE_STRIP = NO;
				DEBUG_INFORMATION_FORMAT = dwarf;
				ENABLE_STRICT_OBJC_MSGSEND = YES;
				ENABLE_TESTABILITY = YES;
				GCC_C_LANGUAGE_STANDARD = gnu11;
				GCC_DYNAMIC_NO_PIC = NO;
				GCC_NO_COMMON_BLOCKS = YES;
				GCC_OPTIMIZATION_LEVEL = 0;
				GCC_PREPROCESSOR_DEFINITIONS = (
					"DEBUG=1",
					"$(inherited)",
				);
				GCC_WARN_64_TO_32_BIT_CONVERSION = YES;
				GCC_WARN_ABOUT_RETURN_TYPE = YES_ERROR;
				GCC_WARN_UNDECLARED_SELECTOR = YES;
				GCC_WARN_UNINITIALIZED_AUTOS = YES_AGGRESSIVE;
				GCC_WARN_UNUSED_FUNCTION = YES;
				GCC_WARN_UNUSED_VARIABLE = YES;
				IPHONEOS_DEPLOYMENT_TARGET = 9.0;
				MTL_ENABLE_DEBUG_INFO = INCLUDE_SOURCE;
				MTL_FAST_MATH = YES;
				ONLY_ACTIVE_ARCH = YES;
				SDKROOT = iphoneos;
				SWIFT_ACTIVE_COMPILATION_CONDITIONS = DEBUG;
				SWIFT_INSTALL_OBJC_HEADER = NO;
				SWIFT_OPTIMIZATION_LEVEL = "-Onone";
				SWIFT_VERSION = 4.2;
			};
			name = Debug;
		};
		DA14502C211DD1F700D1BD9E /* Release */ = {
			isa = XCBuildConfiguration;
			buildSettings = {
				ALWAYS_SEARCH_USER_PATHS = NO;
				CLANG_ANALYZER_NONNULL = YES;
				CLANG_ANALYZER_NUMBER_OBJECT_CONVERSION = YES_AGGRESSIVE;
				CLANG_CXX_LANGUAGE_STANDARD = "gnu++14";
				CLANG_CXX_LIBRARY = "libc++";
				CLANG_ENABLE_OBJC_ARC = YES;
				CLANG_ENABLE_OBJC_WEAK = YES;
				CLANG_WARN_BLOCK_CAPTURE_AUTORELEASING = YES;
				CLANG_WARN_BOOL_CONVERSION = YES;
				CLANG_WARN_COMMA = YES;
				CLANG_WARN_CONSTANT_CONVERSION = YES;
				CLANG_WARN_DEPRECATED_OBJC_IMPLEMENTATIONS = YES;
				CLANG_WARN_DIRECT_OBJC_ISA_USAGE = YES_ERROR;
				CLANG_WARN_DOCUMENTATION_COMMENTS = YES;
				CLANG_WARN_EMPTY_BODY = YES;
				CLANG_WARN_ENUM_CONVERSION = YES;
				CLANG_WARN_INFINITE_RECURSION = YES;
				CLANG_WARN_INT_CONVERSION = YES;
				CLANG_WARN_NON_LITERAL_NULL_CONVERSION = YES;
				CLANG_WARN_OBJC_IMPLICIT_RETAIN_SELF = YES;
				CLANG_WARN_OBJC_LITERAL_CONVERSION = YES;
				CLANG_WARN_OBJC_ROOT_CLASS = YES_ERROR;
				CLANG_WARN_RANGE_LOOP_ANALYSIS = YES;
				CLANG_WARN_STRICT_PROTOTYPES = YES;
				CLANG_WARN_SUSPICIOUS_MOVE = YES;
				CLANG_WARN_UNGUARDED_AVAILABILITY = YES_AGGRESSIVE;
				CLANG_WARN_UNREACHABLE_CODE = YES;
				CLANG_WARN__DUPLICATE_METHOD_MATCH = YES;
				CODE_SIGN_IDENTITY = "iPhone Developer";
				COPY_PHASE_STRIP = NO;
				DEBUG_INFORMATION_FORMAT = dwarf;
				ENABLE_NS_ASSERTIONS = NO;
				ENABLE_STRICT_OBJC_MSGSEND = YES;
				GCC_C_LANGUAGE_STANDARD = gnu11;
				GCC_NO_COMMON_BLOCKS = YES;
				GCC_WARN_64_TO_32_BIT_CONVERSION = YES;
				GCC_WARN_ABOUT_RETURN_TYPE = YES_ERROR;
				GCC_WARN_UNDECLARED_SELECTOR = YES;
				GCC_WARN_UNINITIALIZED_AUTOS = YES_AGGRESSIVE;
				GCC_WARN_UNUSED_FUNCTION = YES;
				GCC_WARN_UNUSED_VARIABLE = YES;
				IPHONEOS_DEPLOYMENT_TARGET = 9.0;
				MTL_ENABLE_DEBUG_INFO = NO;
				MTL_FAST_MATH = YES;
				SDKROOT = iphoneos;
				SWIFT_COMPILATION_MODE = wholemodule;
				SWIFT_INSTALL_OBJC_HEADER = NO;
				SWIFT_OPTIMIZATION_LEVEL = "-O";
				SWIFT_VERSION = 4.2;
				VALIDATE_PRODUCT = YES;
			};
			name = Release;
		};
		DA14502E211DD1F700D1BD9E /* Debug */ = {
			isa = XCBuildConfiguration;
			buildSettings = {
				CODE_SIGN_STYLE = Automatic;
				DEVELOPMENT_TEAM = 7AMWG3RLHN;
				OTHER_LDFLAGS = "-ObjC";
				PRODUCT_NAME = "$(TARGET_NAME)";
				SKIP_INSTALL = YES;
				TARGETED_DEVICE_FAMILY = "1,2";
			};
			name = Debug;
		};
		DA14502F211DD1F700D1BD9E /* Release */ = {
			isa = XCBuildConfiguration;
			buildSettings = {
				CODE_SIGN_STYLE = Automatic;
				DEVELOPMENT_TEAM = 7AMWG3RLHN;
				OTHER_LDFLAGS = "-ObjC";
				PRODUCT_NAME = "$(TARGET_NAME)";
				SKIP_INSTALL = YES;
				TARGETED_DEVICE_FAMILY = "1,2";
			};
			name = Release;
		};
		DA14503C211DD23100D1BD9E /* Debug */ = {
			isa = XCBuildConfiguration;
			buildSettings = {
				ALWAYS_EMBED_SWIFT_STANDARD_LIBRARIES = YES;
				CODE_SIGN_STYLE = Automatic;
				DEVELOPMENT_TEAM = 7AMWG3RLHN;
				INFOPLIST_FILE = Configuration/tests.plist;
				LD_RUNPATH_SEARCH_PATHS = (
					"$(inherited)",
					"@executable_path/Frameworks",
					"@loader_path/Frameworks",
				);
				PRODUCT_BUNDLE_IDENTIFIER = iturbide.Catban.Tests;
				PRODUCT_NAME = "$(TARGET_NAME)";
				TARGETED_DEVICE_FAMILY = "1,2";
			};
			name = Debug;
		};
		DA14503D211DD23100D1BD9E /* Release */ = {
			isa = XCBuildConfiguration;
			buildSettings = {
				ALWAYS_EMBED_SWIFT_STANDARD_LIBRARIES = YES;
				CODE_SIGN_STYLE = Automatic;
				DEVELOPMENT_TEAM = 7AMWG3RLHN;
				INFOPLIST_FILE = Configuration/tests.plist;
				LD_RUNPATH_SEARCH_PATHS = (
					"$(inherited)",
					"@executable_path/Frameworks",
					"@loader_path/Frameworks",
				);
				PRODUCT_BUNDLE_IDENTIFIER = iturbide.Catban.Tests;
				PRODUCT_NAME = "$(TARGET_NAME)";
				TARGETED_DEVICE_FAMILY = "1,2";
			};
			name = Release;
		};
		DA145052211DD27B00D1BD9E /* Debug */ = {
			isa = XCBuildConfiguration;
			baseConfigurationReference = EF2AD30BA7F2E2A002D78D36 /* Pods-Application.debug.xcconfig */;
			buildSettings = {
				ALWAYS_EMBED_SWIFT_STANDARD_LIBRARIES = YES;
				ASSETCATALOG_COMPILER_APPICON_NAME = AppIcon;
				CODE_SIGN_ENTITLEMENTS = Application/Application.entitlements;
				CODE_SIGN_STYLE = Automatic;
				DEVELOPMENT_TEAM = 7AMWG3RLHN;
				INFOPLIST_FILE = Configuration/application.plist;
				LD_RUNPATH_SEARCH_PATHS = (
					"$(inherited)",
					"@executable_path/Frameworks",
				);
				PRODUCT_BUNDLE_IDENTIFIER = iturbide.catban;
				PRODUCT_NAME = "$(TARGET_NAME)";
				TARGETED_DEVICE_FAMILY = "1,2";
			};
			name = Debug;
		};
		DA145053211DD27B00D1BD9E /* Release */ = {
			isa = XCBuildConfiguration;
			baseConfigurationReference = E1A186EED2CF0D527F6E84AD /* Pods-Application.release.xcconfig */;
			buildSettings = {
				ALWAYS_EMBED_SWIFT_STANDARD_LIBRARIES = YES;
				ASSETCATALOG_COMPILER_APPICON_NAME = AppIcon;
				CODE_SIGN_ENTITLEMENTS = Application/Application.entitlements;
				CODE_SIGN_STYLE = Automatic;
				DEVELOPMENT_TEAM = 7AMWG3RLHN;
				INFOPLIST_FILE = Configuration/application.plist;
				LD_RUNPATH_SEARCH_PATHS = (
					"$(inherited)",
					"@executable_path/Frameworks",
				);
				PRODUCT_BUNDLE_IDENTIFIER = iturbide.catban;
				PRODUCT_NAME = "$(TARGET_NAME)";
				TARGETED_DEVICE_FAMILY = "1,2";
			};
			name = Release;
		};
		DA6C36382138194F0009583A /* Debug */ = {
			isa = XCBuildConfiguration;
			buildSettings = {
				CODE_SIGN_ENTITLEMENTS = Today/Today.entitlements;
				CODE_SIGN_STYLE = Automatic;
				DEVELOPMENT_TEAM = 7AMWG3RLHN;
				INFOPLIST_FILE = Configuration/today.plist;
				IPHONEOS_DEPLOYMENT_TARGET = 9.0;
				LD_RUNPATH_SEARCH_PATHS = (
					"$(inherited)",
					"@executable_path/Frameworks",
					"@executable_path/../../Frameworks",
				);
				PRODUCT_BUNDLE_IDENTIFIER = iturbide.catban.Today;
				PRODUCT_NAME = "$(TARGET_NAME)";
				SKIP_INSTALL = YES;
				SWIFT_OPTIMIZATION_LEVEL = "-Onone";
				TARGETED_DEVICE_FAMILY = "1,2";
			};
			name = Debug;
		};
		DA6C36392138194F0009583A /* Release */ = {
			isa = XCBuildConfiguration;
			buildSettings = {
				CODE_SIGN_ENTITLEMENTS = Today/Today.entitlements;
				CODE_SIGN_STYLE = Automatic;
				DEVELOPMENT_TEAM = 7AMWG3RLHN;
				INFOPLIST_FILE = Configuration/today.plist;
				IPHONEOS_DEPLOYMENT_TARGET = 9.0;
				LD_RUNPATH_SEARCH_PATHS = (
					"$(inherited)",
					"@executable_path/Frameworks",
					"@executable_path/../../Frameworks",
				);
				PRODUCT_BUNDLE_IDENTIFIER = iturbide.catban.Today;
				PRODUCT_NAME = "$(TARGET_NAME)";
				SKIP_INSTALL = YES;
				TARGETED_DEVICE_FAMILY = "1,2";
			};
			name = Release;
		};
/* End XCBuildConfiguration section */

/* Begin XCConfigurationList section */
		DA145021211DD1F700D1BD9E /* Build configuration list for PBXProject "Catban" */ = {
			isa = XCConfigurationList;
			buildConfigurations = (
				DA14502B211DD1F700D1BD9E /* Debug */,
				DA14502C211DD1F700D1BD9E /* Release */,
			);
			defaultConfigurationIsVisible = 0;
			defaultConfigurationName = Release;
		};
		DA14502D211DD1F700D1BD9E /* Build configuration list for PBXNativeTarget "Catban" */ = {
			isa = XCConfigurationList;
			buildConfigurations = (
				DA14502E211DD1F700D1BD9E /* Debug */,
				DA14502F211DD1F700D1BD9E /* Release */,
			);
			defaultConfigurationIsVisible = 0;
			defaultConfigurationName = Release;
		};
		DA14503B211DD23100D1BD9E /* Build configuration list for PBXNativeTarget "Tests" */ = {
			isa = XCConfigurationList;
			buildConfigurations = (
				DA14503C211DD23100D1BD9E /* Debug */,
				DA14503D211DD23100D1BD9E /* Release */,
			);
			defaultConfigurationIsVisible = 0;
			defaultConfigurationName = Release;
		};
		DA145051211DD27B00D1BD9E /* Build configuration list for PBXNativeTarget "Application" */ = {
			isa = XCConfigurationList;
			buildConfigurations = (
				DA145052211DD27B00D1BD9E /* Debug */,
				DA145053211DD27B00D1BD9E /* Release */,
			);
			defaultConfigurationIsVisible = 0;
			defaultConfigurationName = Release;
		};
		DA6C363A2138194F0009583A /* Build configuration list for PBXNativeTarget "Today" */ = {
			isa = XCConfigurationList;
			buildConfigurations = (
				DA6C36382138194F0009583A /* Debug */,
				DA6C36392138194F0009583A /* Release */,
			);
			defaultConfigurationIsVisible = 0;
			defaultConfigurationName = Release;
		};
/* End XCConfigurationList section */
	};
	rootObject = DA14501E211DD1F700D1BD9E /* Project object */;
}
